// !$*UTF8*$!
{
	archiveVersion = 1;
	classes = {
	};
	objectVersion = 46;
	objects = {

/* Begin PBXBuildFile section */
		3CA1CDD61B38D4E80033558B /* AppDelegate.swift in Sources */ = {isa = PBXBuildFile; fileRef = 3CA1CDD51B38D4E80033558B /* AppDelegate.swift */; };
		3CA1CDD81B38D4E80033558B /* ViewController.swift in Sources */ = {isa = PBXBuildFile; fileRef = 3CA1CDD71B38D4E80033558B /* ViewController.swift */; };
		3CA1CDDB1B38D4E80033558B /* Main.storyboard in Resources */ = {isa = PBXBuildFile; fileRef = 3CA1CDD91B38D4E80033558B /* Main.storyboard */; };
		3CA1CDDD1B38D4E80033558B /* Images.xcassets in Resources */ = {isa = PBXBuildFile; fileRef = 3CA1CDDC1B38D4E80033558B /* Images.xcassets */; };
		3CA1CDE01B38D4E80033558B /* LaunchScreen.xib in Resources */ = {isa = PBXBuildFile; fileRef = 3CA1CDDE1B38D4E80033558B /* LaunchScreen.xib */; };
		3CA1CDEC1B38D4E90033558B /* InClassAimProjectTests.swift in Sources */ = {isa = PBXBuildFile; fileRef = 3CA1CDEB1B38D4E90033558B /* InClassAimProjectTests.swift */; };
		3CA1CDF61B38D57A0033558B /* logo.png in Resources */ = {isa = PBXBuildFile; fileRef = 3CA1CDF51B38D57A0033558B /* logo.png */; };
		3CA1CDF81B38E3150033558B /* ProfileViewController.swift in Sources */ = {isa = PBXBuildFile; fileRef = 3CA1CDF71B38E3150033558B /* ProfileViewController.swift */; };
/* End PBXBuildFile section */

/* Begin PBXContainerItemProxy section */
		3CA1CDE61B38D4E90033558B /* PBXContainerItemProxy */ = {
			isa = PBXContainerItemProxy;
			containerPortal = 3CA1CDC81B38D4E80033558B /* Project object */;
			proxyType = 1;
			remoteGlobalIDString = 3CA1CDCF1B38D4E80033558B;
			remoteInfo = InClassAimProject;
		};
/* End PBXContainerItemProxy section */

/* Begin PBXFileReference section */
		3CA1CDD01B38D4E80033558B /* InClassAimProject.app */ = {isa = PBXFileReference; explicitFileType = wrapper.application; includeInIndex = 0; path = InClassAimProject.app; sourceTree = BUILT_PRODUCTS_DIR; };
		3CA1CDD41B38D4E80033558B /* Info.plist */ = {isa = PBXFileReference; lastKnownFileType = text.plist.xml; path = Info.plist; sourceTree = "<group>"; };
		3CA1CDD51B38D4E80033558B /* AppDelegate.swift */ = {isa = PBXFileReference; lastKnownFileType = sourcecode.swift; path = AppDelegate.swift; sourceTree = "<group>"; };
		3CA1CDD71B38D4E80033558B /* ViewController.swift */ = {isa = PBXFileReference; lastKnownFileType = sourcecode.swift; path = ViewController.swift; sourceTree = "<group>"; };
		3CA1CDDA1B38D4E80033558B /* Base */ = {isa = PBXFileReference; lastKnownFileType = file.storyboard; name = Base; path = Base.lproj/Main.storyboard; sourceTree = "<group>"; };
		3CA1CDDC1B38D4E80033558B /* Images.xcassets */ = {isa = PBXFileReference; lastKnownFileType = folder.assetcatalog; path = Images.xcassets; sourceTree = "<group>"; };
		3CA1CDDF1B38D4E80033558B /* Base */ = {isa = PBXFileReference; lastKnownFileType = file.xib; name = Base; path = Base.lproj/LaunchScreen.xib; sourceTree = "<group>"; };
		3CA1CDE51B38D4E90033558B /* InClassAimProjectTests.xctest */ = {isa = PBXFileReference; explicitFileType = wrapper.cfbundle; includeInIndex = 0; path = InClassAimProjectTests.xctest; sourceTree = BUILT_PRODUCTS_DIR; };
		3CA1CDEA1B38D4E90033558B /* Info.plist */ = {isa = PBXFileReference; lastKnownFileType = text.plist.xml; path = Info.plist; sourceTree = "<group>"; };
		3CA1CDEB1B38D4E90033558B /* InClassAimProjectTests.swift */ = {isa = PBXFileReference; lastKnownFileType = sourcecode.swift; path = InClassAimProjectTests.swift; sourceTree = "<group>"; };
		3CA1CDF51B38D57A0033558B /* logo.png */ = {isa = PBXFileReference; lastKnownFileType = image.png; path = logo.png; sourceTree = "<group>"; };
		3CA1CDF71B38E3150033558B /* ProfileViewController.swift */ = {isa = PBXFileReference; fileEncoding = 4; lastKnownFileType = sourcecode.swift; path = ProfileViewController.swift; sourceTree = "<group>"; };
/* End PBXFileReference section */

/* Begin PBXFrameworksBuildPhase section */
		3CA1CDCD1B38D4E80033558B /* Frameworks */ = {
			isa = PBXFrameworksBuildPhase;
			buildActionMask = 2147483647;
			files = (
			);
			runOnlyForDeploymentPostprocessing = 0;
		};
		3CA1CDE21B38D4E90033558B /* Frameworks */ = {
			isa = PBXFrameworksBuildPhase;
			buildActionMask = 2147483647;
			files = (
			);
			runOnlyForDeploymentPostprocessing = 0;
		};
/* End PBXFrameworksBuildPhase section */

/* Begin PBXGroup section */
		3CA1CDC71B38D4E80033558B = {
			isa = PBXGroup;
			children = (
				3CA1CDD21B38D4E80033558B /* InClassAimProject */,
				3CA1CDE81B38D4E90033558B /* InClassAimProjectTests */,
				3CA1CDD11B38D4E80033558B /* Products */,
			);
			sourceTree = "<group>";
		};
		3CA1CDD11B38D4E80033558B /* Products */ = {
			isa = PBXGroup;
			children = (
				3CA1CDD01B38D4E80033558B /* InClassAimProject.app */,
				3CA1CDE51B38D4E90033558B /* InClassAimProjectTests.xctest */,
			);
			name = Products;
			sourceTree = "<group>";
		};
		3CA1CDD21B38D4E80033558B /* InClassAimProject */ = {
			isa = PBXGroup;
			children = (
				3CA1CDF51B38D57A0033558B /* logo.png */,
				3CA1CDD51B38D4E80033558B /* AppDelegate.swift */,
				3CA1CDD71B38D4E80033558B /* ViewController.swift */,
				3CA1CDD91B38D4E80033558B /* Main.storyboard */,
				3CA1CDF71B38E3150033558B /* ProfileViewController.swift */,
				3CA1CDDC1B38D4E80033558B /* Images.xcassets */,
				3CA1CDDE1B38D4E80033558B /* LaunchScreen.xib */,
				3CA1CDD31B38D4E80033558B /* Supporting Files */,
			);
			path = InClassAimProject;
			sourceTree = "<group>";
		};
		3CA1CDD31B38D4E80033558B /* Supporting Files */ = {
			isa = PBXGroup;
			children = (
				3CA1CDD41B38D4E80033558B /* Info.plist */,
			);
			name = "Supporting Files";
			sourceTree = "<group>";
		};
		3CA1CDE81B38D4E90033558B /* InClassAimProjectTests */ = {
			isa = PBXGroup;
			children = (
				3CA1CDEB1B38D4E90033558B /* InClassAimProjectTests.swift */,
				3CA1CDE91B38D4E90033558B /* Supporting Files */,
			);
			path = InClassAimProjectTests;
			sourceTree = "<group>";
		};
		3CA1CDE91B38D4E90033558B /* Supporting Files */ = {
			isa = PBXGroup;
			children = (
				3CA1CDEA1B38D4E90033558B /* Info.plist */,
			);
			name = "Supporting Files";
			sourceTree = "<group>";
		};
/* End PBXGroup section */

/* Begin PBXNativeTarget section */
		3CA1CDCF1B38D4E80033558B /* InClassAimProject */ = {
			isa = PBXNativeTarget;
			buildConfigurationList = 3CA1CDEF1B38D4E90033558B /* Build configuration list for PBXNativeTarget "InClassAimProject" */;
			buildPhases = (
				3CA1CDCC1B38D4E80033558B /* Sources */,
				3CA1CDCD1B38D4E80033558B /* Frameworks */,
				3CA1CDCE1B38D4E80033558B /* Resources */,
			);
			buildRules = (
			);
			dependencies = (
			);
			name = InClassAimProject;
			productName = InClassAimProject;
			productReference = 3CA1CDD01B38D4E80033558B /* InClassAimProject.app */;
			productType = "com.apple.product-type.application";
		};
		3CA1CDE41B38D4E90033558B /* InClassAimProjectTests */ = {
			isa = PBXNativeTarget;
			buildConfigurationList = 3CA1CDF21B38D4E90033558B /* Build configuration list for PBXNativeTarget "InClassAimProjectTests" */;
			buildPhases = (
				3CA1CDE11B38D4E90033558B /* Sources */,
				3CA1CDE21B38D4E90033558B /* Frameworks */,
				3CA1CDE31B38D4E90033558B /* Resources */,
			);
			buildRules = (
			);
			dependencies = (
				3CA1CDE71B38D4E90033558B /* PBXTargetDependency */,
			);
			name = InClassAimProjectTests;
			productName = InClassAimProjectTests;
			productReference = 3CA1CDE51B38D4E90033558B /* InClassAimProjectTests.xctest */;
			productType = "com.apple.product-type.bundle.unit-test";
		};
/* End PBXNativeTarget section */

/* Begin PBXProject section */
		3CA1CDC81B38D4E80033558B /* Project object */ = {
			isa = PBXProject;
			attributes = {
				LastUpgradeCheck = 0630;
				ORGANIZATIONNAME = "Kris Kane";
				TargetAttributes = {
					3CA1CDCF1B38D4E80033558B = {
						CreatedOnToolsVersion = 6.3.2;
					};
					3CA1CDE41B38D4E90033558B = {
						CreatedOnToolsVersion = 6.3.2;
						TestTargetID = 3CA1CDCF1B38D4E80033558B;
					};
				};
			};
			buildConfigurationList = 3CA1CDCB1B38D4E80033558B /* Build configuration list for PBXProject "InClassAimProject" */;
			compatibilityVersion = "Xcode 3.2";
			developmentRegion = English;
			hasScannedForEncodings = 0;
			knownRegions = (
				en,
				Base,
			);
			mainGroup = 3CA1CDC71B38D4E80033558B;
			productRefGroup = 3CA1CDD11B38D4E80033558B /* Products */;
			projectDirPath = "";
			projectRoot = "";
			targets = (
				3CA1CDCF1B38D4E80033558B /* InClassAimProject */,
				3CA1CDE41B38D4E90033558B /* InClassAimProjectTests */,
			);
		};
/* End PBXProject section */

/* Begin PBXResourcesBuildPhase section */
		3CA1CDCE1B38D4E80033558B /* Resources */ = {
			isa = PBXResourcesBuildPhase;
			buildActionMask = 2147483647;
			files = (
				3CA1CDF61B38D57A0033558B /* logo.png in Resources */,
				3CA1CDDB1B38D4E80033558B /* Main.storyboard in Resources */,
				3CA1CDE01B38D4E80033558B /* LaunchScreen.xib in Resources */,
				3CA1CDDD1B38D4E80033558B /* Images.xcassets in Resources */,
			);
			runOnlyForDeploymentPostprocessing = 0;
		};
		3CA1CDE31B38D4E90033558B /* Resources */ = {
			isa = PBXResourcesBuildPhase;
			buildActionMask = 2147483647;
			files = (
			);
			runOnlyForDeploymentPostprocessing = 0;
		};
/* End PBXResourcesBuildPhase section */

/* Begin PBXSourcesBuildPhase section */
		3CA1CDCC1B38D4E80033558B /* Sources */ = {
			isa = PBXSourcesBuildPhase;
			buildActionMask = 2147483647;
			files = (
				3CA1CDF81B38E3150033558B /* ProfileViewController.swift in Sources */,
				3CA1CDD81B38D4E80033558B /* ViewController.swift in Sources */,
				3CA1CDD61B38D4E80033558B /* AppDelegate.swift in Sources */,
			);
			runOnlyForDeploymentPostprocessing = 0;
		};
		3CA1CDE11B38D4E90033558B /* Sources */ = {
			isa = PBXSourcesBuildPhase;
			buildActionMask = 2147483647;
			files = (
				3CA1CDEC1B38D4E90033558B /* InClassAimProjectTests.swift in Sources */,
			);
			runOnlyForDeploymentPostprocessing = 0;
		};
/* End PBXSourcesBuildPhase section */

/* Begin PBXTargetDependency section */
		3CA1CDE71B38D4E90033558B /* PBXTargetDependency */ = {
			isa = PBXTargetDependency;
			target = 3CA1CDCF1B38D4E80033558B /* InClassAimProject */;
			targetProxy = 3CA1CDE61B38D4E90033558B /* PBXContainerItemProxy */;
		};
/* End PBXTargetDependency section */

/* Begin PBXVariantGroup section */
		3CA1CDD91B38D4E80033558B /* Main.storyboard */ = {
			isa = PBXVariantGroup;
			children = (
				3CA1CDDA1B38D4E80033558B /* Base */,
			);
			name = Main.storyboard;
			sourceTree = "<group>";
		};
		3CA1CDDE1B38D4E80033558B /* LaunchScreen.xib */ = {
			isa = PBXVariantGroup;
			children = (
				3CA1CDDF1B38D4E80033558B /* Base */,
			);
			name = LaunchScreen.xib;
			sourceTree = "<group>";
		};
/* End PBXVariantGroup section */

/* Begin XCBuildConfiguration section */
		3CA1CDED1B38D4E90033558B /* Debug */ = {
			isa = XCBuildConfiguration;
			buildSettings = {
				ALWAYS_SEARCH_USER_PATHS = NO;
				CLANG_CXX_LANGUAGE_STANDARD = "gnu++0x";
				CLANG_CXX_LIBRARY = "libc++";
				CLANG_ENABLE_MODULES = YES;
				CLANG_ENABLE_OBJC_ARC = YES;
				CLANG_WARN_BOOL_CONVERSION = YES;
				CLANG_WARN_CONSTANT_CONVERSION = YES;
				CLANG_WARN_DIRECT_OBJC_ISA_USAGE = YES_ERROR;
				CLANG_WARN_EMPTY_BODY = YES;
				CLANG_WARN_ENUM_CONVERSION = YES;
				CLANG_WARN_INT_CONVERSION = YES;
				CLANG_WARN_OBJC_ROOT_CLASS = YES_ERROR;
				CLANG_WARN_UNREACHABLE_CODE = YES;
				CLANG_WARN__DUPLICATE_METHOD_MATCH = YES;
				"CODE_SIGN_IDENTITY[sdk=iphoneos*]" = "iPhone Developer";
				COPY_PHASE_STRIP = NO;
				DEBUG_INFORMATION_FORMAT = "dwarf-with-dsym";
				ENABLE_STRICT_OBJC_MSGSEND = YES;
				GCC_C_LANGUAGE_STANDARD = gnu99;
				GCC_DYNAMIC_NO_PIC = NO;
				GCC_NO_COMMON_BLOCKS = YES;
				GCC_OPTIMIZATION_LEVEL = 0;
				GCC_PREPROCESSOR_DEFINITIONS = (
					"DEBUG=1",
					"$(inherited)",
				);
				GCC_SYMBOLS_PRIVATE_EXTERN = NO;
				GCC_WARN_64_TO_32_BIT_CONVERSION = YES;
				GCC_WARN_ABOUT_RETURN_TYPE = YES_ERROR;
				GCC_WARN_UNDECLARED_SELECTOR = YES;
				GCC_WARN_UNINITIALIZED_AUTOS = YES_AGGRESSIVE;
				GCC_WARN_UNUSED_FUNCTION = YES;
				GCC_WARN_UNUSED_VARIABLE = YES;
				IPHONEOS_DEPLOYMENT_TARGET = 8.3;
				MTL_ENABLE_DEBUG_INFO = YES;
				ONLY_ACTIVE_ARCH = YES;
				SDKROOT = iphoneos;
				SWIFT_OPTIMIZATION_LEVEL = "-Onone";
			};
			name = Debug;
		};
		3CA1CDEE1B38D4E90033558B /* Release */ = {
			isa = XCBuildConfiguration;
			buildSettings = {
				ALWAYS_SEARCH_USER_PATHS = NO;
				CLANG_CXX_LANGUAGE_STANDARD = "gnu++0x";
				CLANG_CXX_LIBRARY = "libc++";
				CLANG_ENABLE_MODULES = YES;
				CLANG_ENABLE_OBJC_ARC = YES;
				CLANG_WARN_BOOL_CONVERSION = YES;
				CLANG_WARN_CONSTANT_CONVERSION = YES;
				CLANG_WARN_DIRECT_OBJC_ISA_USAGE = YES_ERROR;
				CLANG_WARN_EMPTY_BODY = YES;
				CLANG_WARN_ENUM_CONVERSION = YES;
				CLANG_WARN_INT_CONVERSION = YES;
				CLANG_WARN_OBJC_ROOT_CLASS = YES_ERROR;
				CLANG_WARN_UNREACHABLE_CODE = YES;
				CLANG_WARN__DUPLICATE_METHOD_MATCH = YES;
				"CODE_SIGN_IDENTITY[sdk=iphoneos*]" = "iPhone Developer";
				COPY_PHASE_STRIP = NO;
				DEBUG_INFORMATION_FORMAT = "dwarf-with-dsym";
				ENABLE_NS_ASSERTIONS = NO;
				ENABLE_STRICT_OBJC_MSGSEND = YES;
				GCC_C_LANGUAGE_STANDARD = gnu99;
				GCC_NO_COMMON_BLOCKS = YES;
				GCC_WARN_64_TO_32_BIT_CONVERSION = YES;
				GCC_WARN_ABOUT_RETURN_TYPE = YES_ERROR;
				GCC_WARN_UNDECLARED_SELECTOR = YES;
				GCC_WARN_UNINITIALIZED_AUTOS = YES_AGGRESSIVE;
				GCC_WARN_UNUSED_FUNCTION = YES;
				GCC_WARN_UNUSED_VARIABLE = YES;
				IPHONEOS_DEPLOYMENT_TARGET = 8.3;
				MTL_ENABLE_DEBUG_INFO = NO;
				SDKROOT = iphoneos;
				VALIDATE_PRODUCT = YES;
			};
			name = Release;
		};
		3CA1CDF01B38D4E90033558B /* Debug */ = {
			isa = XCBuildConfiguration;
			buildSettings = {
				ASSETCATALOG_COMPILER_APPICON_NAME = AppIcon;
				INFOPLIST_FILE = InClassAimProject/Info.plist;
				LD_RUNPATH_SEARCH_PATHS = "$(inherited) @executable_path/Frameworks";
				PRODUCT_NAME = "$(TARGET_NAME)";
			};
			name = Debug;
		};
		3CA1CDF11B38D4E90033558B /* Release */ = {
			isa = XCBuildConfiguration;
			buildSettings = {
				ASSETCATALOG_COMPILER_APPICON_NAME = AppIcon;
				INFOPLIST_FILE = InClassAimProject/Info.plist;
				LD_RUNPATH_SEARCH_PATHS = "$(inherited) @executable_path/Frameworks";
				PRODUCT_NAME = "$(TARGET_NAME)";
			};
			name = Release;
		};
		3CA1CDF31B38D4E90033558B /* Debug */ = {
			isa = XCBuildConfiguration;
			buildSettings = {
				BUNDLE_LOADER = "$(TEST_HOST)";
				FRAMEWORK_SEARCH_PATHS = (
					"$(SDKROOT)/Developer/Library/Frameworks",
					"$(inherited)",
				);
				GCC_PREPROCESSOR_DEFINITIONS = (
					"DEBUG=1",
					"$(inherited)",
				);
				INFOPLIST_FILE = InClassAimProjectTests/Info.plist;
				LD_RUNPATH_SEARCH_PATHS = "$(inherited) @executable_path/Frameworks @loader_path/Frameworks";
				PRODUCT_NAME = "$(TARGET_NAME)";
				TEST_HOST = "$(BUILT_PRODUCTS_DIR)/InClassAimProject.app/InClassAimProject";
			};
			name = Debug;
		};
		3CA1CDF41B38D4E90033558B /* Release */ = {
			isa = XCBuildConfiguration;
			buildSettings = {
				BUNDLE_LOADER = "$(TEST_HOST)";
				FRAMEWORK_SEARCH_PATHS = (
					"$(SDKROOT)/Developer/Library/Frameworks",
					"$(inherited)",
				);
				INFOPLIST_FILE = InClassAimProjectTests/Info.plist;
				LD_RUNPATH_SEARCH_PATHS = "$(inherited) @executable_path/Frameworks @loader_path/Frameworks";
				PRODUCT_NAME = "$(TARGET_NAME)";
				TEST_HOST = "$(BUILT_PRODUCTS_DIR)/InClassAimProject.app/InClassAimProject";
			};
			name = Release;
		};
/* End XCBuildConfiguration section */

/* Begin XCConfigurationList section */
		3CA1CDCB1B38D4E80033558B /* Build configuration list for PBXProject "InClassAimProject" */ = {
			isa = XCConfigurationList;
			buildConfigurations = (
				3CA1CDED1B38D4E90033558B /* Debug */,
				3CA1CDEE1B38D4E90033558B /* Release */,
			);
			defaultConfigurationIsVisible = 0;
			defaultConfigurationName = Release;
		};
		3CA1CDEF1B38D4E90033558B /* Build configuration list for PBXNativeTarget "InClassAimProject" */ = {
			isa = XCConfigurationList;
			buildConfigurations = (
				3CA1CDF01B38D4E90033558B /* Debug */,
				3CA1CDF11B38D4E90033558B /* Release */,
			);
			defaultConfigurationIsVisible = 0;
		};
		3CA1CDF21B38D4E90033558B /* Build configuration list for PBXNativeTarget "InClassAimProjectTests" */ = {
			isa = XCConfigurationList;
			buildConfigurations = (
				3CA1CDF31B38D4E90033558B /* Debug */,
				3CA1CDF41B38D4E90033558B /* Release */,
			);
			defaultConfigurationIsVisible = 0;
		};
/* End XCConfigurationList section */
	};
	rootObject = 3CA1CDC81B38D4E80033558B /* Project object */;
}
