// !$*UTF8*$!
{
	archiveVersion = 1;
	classes = {
	};
	objectVersion = 46;
	objects = {

/* Begin PBXBuildFile section */
		3CAB28451B69AF4500F71902 /* AppDelegate.swift in Sources */ = {isa = PBXBuildFile; fileRef = 3CAB28441B69AF4500F71902 /* AppDelegate.swift */; };
		3CAB28481B69AF4500F71902 /* HW8.xcdatamodeld in Sources */ = {isa = PBXBuildFile; fileRef = 3CAB28461B69AF4500F71902 /* HW8.xcdatamodeld */; };
		3CAB284A1B69AF4500F71902 /* ViewController.swift in Sources */ = {isa = PBXBuildFile; fileRef = 3CAB28491B69AF4500F71902 /* ViewController.swift */; };
		3CAB284D1B69AF4500F71902 /* Main.storyboard in Resources */ = {isa = PBXBuildFile; fileRef = 3CAB284B1B69AF4500F71902 /* Main.storyboard */; };
		3CAB284F1B69AF4500F71902 /* Images.xcassets in Resources */ = {isa = PBXBuildFile; fileRef = 3CAB284E1B69AF4500F71902 /* Images.xcassets */; };
		3CAB28521B69AF4500F71902 /* LaunchScreen.xib in Resources */ = {isa = PBXBuildFile; fileRef = 3CAB28501B69AF4500F71902 /* LaunchScreen.xib */; };
		3CAB285E1B69AF4500F71902 /* HW8Tests.swift in Sources */ = {isa = PBXBuildFile; fileRef = 3CAB285D1B69AF4500F71902 /* HW8Tests.swift */; };
		648EF8E5C303D9326B412299 /* Pods_HW8.framework in Frameworks */ = {isa = PBXBuildFile; fileRef = 6F29FE4F90CA456B55DD0E32 /* Pods_HW8.framework */; settings = {ATTRIBUTES = (Weak, ); }; };
/* End PBXBuildFile section */

/* Begin PBXContainerItemProxy section */
		3CAB28581B69AF4500F71902 /* PBXContainerItemProxy */ = {
			isa = PBXContainerItemProxy;
			containerPortal = 3CAB28371B69AF4500F71902 /* Project object */;
			proxyType = 1;
			remoteGlobalIDString = 3CAB283E1B69AF4500F71902;
			remoteInfo = HW8;
		};
/* End PBXContainerItemProxy section */

/* Begin PBXFileReference section */
		133BA840748269E767BE5C4F /* Pods-HW8.release.xcconfig */ = {isa = PBXFileReference; includeInIndex = 1; lastKnownFileType = text.xcconfig; name = "Pods-HW8.release.xcconfig"; path = "Pods/Target Support Files/Pods-HW8/Pods-HW8.release.xcconfig"; sourceTree = "<group>"; };
		3CAB283F1B69AF4500F71902 /* HW8.app */ = {isa = PBXFileReference; explicitFileType = wrapper.application; includeInIndex = 0; path = HW8.app; sourceTree = BUILT_PRODUCTS_DIR; };
		3CAB28431B69AF4500F71902 /* Info.plist */ = {isa = PBXFileReference; lastKnownFileType = text.plist.xml; path = Info.plist; sourceTree = "<group>"; };
		3CAB28441B69AF4500F71902 /* AppDelegate.swift */ = {isa = PBXFileReference; lastKnownFileType = sourcecode.swift; path = AppDelegate.swift; sourceTree = "<group>"; };
		3CAB28471B69AF4500F71902 /* HW8.xcdatamodel */ = {isa = PBXFileReference; lastKnownFileType = wrapper.xcdatamodel; path = HW8.xcdatamodel; sourceTree = "<group>"; };
		3CAB28491B69AF4500F71902 /* ViewController.swift */ = {isa = PBXFileReference; lastKnownFileType = sourcecode.swift; path = ViewController.swift; sourceTree = "<group>"; };
		3CAB284C1B69AF4500F71902 /* Base */ = {isa = PBXFileReference; lastKnownFileType = file.storyboard; name = Base; path = Base.lproj/Main.storyboard; sourceTree = "<group>"; };
		3CAB284E1B69AF4500F71902 /* Images.xcassets */ = {isa = PBXFileReference; lastKnownFileType = folder.assetcatalog; path = Images.xcassets; sourceTree = "<group>"; };
		3CAB28511B69AF4500F71902 /* Base */ = {isa = PBXFileReference; lastKnownFileType = file.xib; name = Base; path = Base.lproj/LaunchScreen.xib; sourceTree = "<group>"; };
		3CAB28571B69AF4500F71902 /* HW8Tests.xctest */ = {isa = PBXFileReference; explicitFileType = wrapper.cfbundle; includeInIndex = 0; path = HW8Tests.xctest; sourceTree = BUILT_PRODUCTS_DIR; };
		3CAB285C1B69AF4500F71902 /* Info.plist */ = {isa = PBXFileReference; lastKnownFileType = text.plist.xml; path = Info.plist; sourceTree = "<group>"; };
		3CAB285D1B69AF4500F71902 /* HW8Tests.swift */ = {isa = PBXFileReference; lastKnownFileType = sourcecode.swift; path = HW8Tests.swift; sourceTree = "<group>"; };
		3CAB28671B69AFBB00F71902 /* Code.playground */ = {isa = PBXFileReference; lastKnownFileType = file.playground; path = Code.playground; sourceTree = "<group>"; };
		6F29FE4F90CA456B55DD0E32 /* Pods_HW8.framework */ = {isa = PBXFileReference; explicitFileType = wrapper.framework; includeInIndex = 0; path = Pods_HW8.framework; sourceTree = BUILT_PRODUCTS_DIR; };
		AFA33A1F7C0FE521564E8FBF /* Pods-HW8.debug.xcconfig */ = {isa = PBXFileReference; includeInIndex = 1; lastKnownFileType = text.xcconfig; name = "Pods-HW8.debug.xcconfig"; path = "Pods/Target Support Files/Pods-HW8/Pods-HW8.debug.xcconfig"; sourceTree = "<group>"; };
/* End PBXFileReference section */

/* Begin PBXFrameworksBuildPhase section */
		3CAB283C1B69AF4500F71902 /* Frameworks */ = {
			isa = PBXFrameworksBuildPhase;
			buildActionMask = 2147483647;
			files = (
				648EF8E5C303D9326B412299 /* Pods_HW8.framework in Frameworks */,
			);
			runOnlyForDeploymentPostprocessing = 0;
		};
		3CAB28541B69AF4500F71902 /* Frameworks */ = {
			isa = PBXFrameworksBuildPhase;
			buildActionMask = 2147483647;
			files = (
			);
			runOnlyForDeploymentPostprocessing = 0;
		};
/* End PBXFrameworksBuildPhase section */

/* Begin PBXGroup section */
		3CAB28361B69AF4500F71902 = {
			isa = PBXGroup;
			children = (
				3CAB28411B69AF4500F71902 /* HW8 */,
				3CAB285A1B69AF4500F71902 /* HW8Tests */,
				3CAB28401B69AF4500F71902 /* Products */,
				BD94E4BD0E398F40758FB3B5 /* Pods */,
				EABE06DAE21368BEDEFFE068 /* Frameworks */,
			);
			sourceTree = "<group>";
		};
		3CAB28401B69AF4500F71902 /* Products */ = {
			isa = PBXGroup;
			children = (
				3CAB283F1B69AF4500F71902 /* HW8.app */,
				3CAB28571B69AF4500F71902 /* HW8Tests.xctest */,
			);
			name = Products;
			sourceTree = "<group>";
		};
		3CAB28411B69AF4500F71902 /* HW8 */ = {
			isa = PBXGroup;
			children = (
				3CAB28671B69AFBB00F71902 /* Code.playground */,
				3CAB28441B69AF4500F71902 /* AppDelegate.swift */,
				3CAB28491B69AF4500F71902 /* ViewController.swift */,
				3CAB284B1B69AF4500F71902 /* Main.storyboard */,
				3CAB284E1B69AF4500F71902 /* Images.xcassets */,
				3CAB28501B69AF4500F71902 /* LaunchScreen.xib */,
				3CAB28461B69AF4500F71902 /* HW8.xcdatamodeld */,
				3CAB28421B69AF4500F71902 /* Supporting Files */,
			);
			path = HW8;
			sourceTree = "<group>";
		};
		3CAB28421B69AF4500F71902 /* Supporting Files */ = {
			isa = PBXGroup;
			children = (
				3CAB28431B69AF4500F71902 /* Info.plist */,
			);
			name = "Supporting Files";
			sourceTree = "<group>";
		};
		3CAB285A1B69AF4500F71902 /* HW8Tests */ = {
			isa = PBXGroup;
			children = (
				3CAB285D1B69AF4500F71902 /* HW8Tests.swift */,
				3CAB285B1B69AF4500F71902 /* Supporting Files */,
			);
			path = HW8Tests;
			sourceTree = "<group>";
		};
		3CAB285B1B69AF4500F71902 /* Supporting Files */ = {
			isa = PBXGroup;
			children = (
				3CAB285C1B69AF4500F71902 /* Info.plist */,
			);
			name = "Supporting Files";
			sourceTree = "<group>";
		};
		BD94E4BD0E398F40758FB3B5 /* Pods */ = {
			isa = PBXGroup;
			children = (
				AFA33A1F7C0FE521564E8FBF /* Pods-HW8.debug.xcconfig */,
				133BA840748269E767BE5C4F /* Pods-HW8.release.xcconfig */,
			);
			name = Pods;
			sourceTree = "<group>";
		};
		EABE06DAE21368BEDEFFE068 /* Frameworks */ = {
			isa = PBXGroup;
			children = (
				6F29FE4F90CA456B55DD0E32 /* Pods_HW8.framework */,
			);
			name = Frameworks;
			sourceTree = "<group>";
		};
/* End PBXGroup section */

/* Begin PBXNativeTarget section */
		3CAB283E1B69AF4500F71902 /* HW8 */ = {
			isa = PBXNativeTarget;
			buildConfigurationList = 3CAB28611B69AF4500F71902 /* Build configuration list for PBXNativeTarget "HW8" */;
			buildPhases = (
				F09EF176E7CA83FD494C2EF8 /* Check Pods Manifest.lock */,
				3CAB283B1B69AF4500F71902 /* Sources */,
				3CAB283C1B69AF4500F71902 /* Frameworks */,
				3CAB283D1B69AF4500F71902 /* Resources */,
				F6F46A538FD02C307F2C7C22 /* Embed Pods Frameworks */,
				BEABB00792502B110B86CC9B /* Copy Pods Resources */,
			);
			buildRules = (
			);
			dependencies = (
			);
			name = HW8;
			productName = HW8;
			productReference = 3CAB283F1B69AF4500F71902 /* HW8.app */;
			productType = "com.apple.product-type.application";
		};
		3CAB28561B69AF4500F71902 /* HW8Tests */ = {
			isa = PBXNativeTarget;
			buildConfigurationList = 3CAB28641B69AF4500F71902 /* Build configuration list for PBXNativeTarget "HW8Tests" */;
			buildPhases = (
				3CAB28531B69AF4500F71902 /* Sources */,
				3CAB28541B69AF4500F71902 /* Frameworks */,
				3CAB28551B69AF4500F71902 /* Resources */,
			);
			buildRules = (
			);
			dependencies = (
				3CAB28591B69AF4500F71902 /* PBXTargetDependency */,
			);
			name = HW8Tests;
			productName = HW8Tests;
			productReference = 3CAB28571B69AF4500F71902 /* HW8Tests.xctest */;
			productType = "com.apple.product-type.bundle.unit-test";
		};
/* End PBXNativeTarget section */

/* Begin PBXProject section */
		3CAB28371B69AF4500F71902 /* Project object */ = {
			isa = PBXProject;
			attributes = {
				LastUpgradeCheck = 0640;
				ORGANIZATIONNAME = "Kris Kane";
				TargetAttributes = {
					3CAB283E1B69AF4500F71902 = {
						CreatedOnToolsVersion = 6.4;
					};
					3CAB28561B69AF4500F71902 = {
						CreatedOnToolsVersion = 6.4;
						TestTargetID = 3CAB283E1B69AF4500F71902;
					};
				};
			};
			buildConfigurationList = 3CAB283A1B69AF4500F71902 /* Build configuration list for PBXProject "HW8" */;
			compatibilityVersion = "Xcode 3.2";
			developmentRegion = English;
			hasScannedForEncodings = 0;
			knownRegions = (
				en,
				Base,
			);
			mainGroup = 3CAB28361B69AF4500F71902;
			productRefGroup = 3CAB28401B69AF4500F71902 /* Products */;
			projectDirPath = "";
			projectRoot = "";
			targets = (
				3CAB283E1B69AF4500F71902 /* HW8 */,
				3CAB28561B69AF4500F71902 /* HW8Tests */,
			);
		};
/* End PBXProject section */

/* Begin PBXResourcesBuildPhase section */
		3CAB283D1B69AF4500F71902 /* Resources */ = {
			isa = PBXResourcesBuildPhase;
			buildActionMask = 2147483647;
			files = (
				3CAB284D1B69AF4500F71902 /* Main.storyboard in Resources */,
				3CAB28521B69AF4500F71902 /* LaunchScreen.xib in Resources */,
				3CAB284F1B69AF4500F71902 /* Images.xcassets in Resources */,
			);
			runOnlyForDeploymentPostprocessing = 0;
		};
		3CAB28551B69AF4500F71902 /* Resources */ = {
			isa = PBXResourcesBuildPhase;
			buildActionMask = 2147483647;
			files = (
			);
			runOnlyForDeploymentPostprocessing = 0;
		};
/* End PBXResourcesBuildPhase section */

/* Begin PBXShellScriptBuildPhase section */
		BEABB00792502B110B86CC9B /* Copy Pods Resources */ = {
			isa = PBXShellScriptBuildPhase;
			buildActionMask = 2147483647;
			files = (
			);
			inputPaths = (
			);
			name = "Copy Pods Resources";
			outputPaths = (
			);
			runOnlyForDeploymentPostprocessing = 0;
			shellPath = /bin/sh;
			shellScript = "\"${SRCROOT}/Pods/Target Support Files/Pods-HW8/Pods-HW8-resources.sh\"\n";
			showEnvVarsInLog = 0;
		};
		F09EF176E7CA83FD494C2EF8 /* Check Pods Manifest.lock */ = {
			isa = PBXShellScriptBuildPhase;
			buildActionMask = 2147483647;
			files = (
			);
			inputPaths = (
			);
			name = "Check Pods Manifest.lock";
			outputPaths = (
			);
			runOnlyForDeploymentPostprocessing = 0;
			shellPath = /bin/sh;
			shellScript = "diff \"${PODS_ROOT}/../Podfile.lock\" \"${PODS_ROOT}/Manifest.lock\" > /dev/null\nif [[ $? != 0 ]] ; then\n    cat << EOM\nerror: The sandbox is not in sync with the Podfile.lock. Run 'pod install' or update your CocoaPods installation.\nEOM\n    exit 1\nfi\n";
			showEnvVarsInLog = 0;
		};
		F6F46A538FD02C307F2C7C22 /* Embed Pods Frameworks */ = {
			isa = PBXShellScriptBuildPhase;
			buildActionMask = 2147483647;
			files = (
			);
			inputPaths = (
			);
			name = "Embed Pods Frameworks";
			outputPaths = (
			);
			runOnlyForDeploymentPostprocessing = 0;
			shellPath = /bin/sh;
			shellScript = "\"${SRCROOT}/Pods/Target Support Files/Pods-HW8/Pods-HW8-frameworks.sh\"\n";
			showEnvVarsInLog = 0;
		};
/* End PBXShellScriptBuildPhase section */

/* Begin PBXSourcesBuildPhase section */
		3CAB283B1B69AF4500F71902 /* Sources */ = {
			isa = PBXSourcesBuildPhase;
			buildActionMask = 2147483647;
			files = (
				3CAB284A1B69AF4500F71902 /* ViewController.swift in Sources */,
				3CAB28451B69AF4500F71902 /* AppDelegate.swift in Sources */,
				3CAB28481B69AF4500F71902 /* HW8.xcdatamodeld in Sources */,
			);
			runOnlyForDeploymentPostprocessing = 0;
		};
		3CAB28531B69AF4500F71902 /* Sources */ = {
			isa = PBXSourcesBuildPhase;
			buildActionMask = 2147483647;
			files = (
				3CAB285E1B69AF4500F71902 /* HW8Tests.swift in Sources */,
			);
			runOnlyForDeploymentPostprocessing = 0;
		};
/* End PBXSourcesBuildPhase section */

/* Begin PBXTargetDependency section */
		3CAB28591B69AF4500F71902 /* PBXTargetDependency */ = {
			isa = PBXTargetDependency;
			target = 3CAB283E1B69AF4500F71902 /* HW8 */;
			targetProxy = 3CAB28581B69AF4500F71902 /* PBXContainerItemProxy */;
		};
/* End PBXTargetDependency section */

/* Begin PBXVariantGroup section */
		3CAB284B1B69AF4500F71902 /* Main.storyboard */ = {
			isa = PBXVariantGroup;
			children = (
				3CAB284C1B69AF4500F71902 /* Base */,
			);
			name = Main.storyboard;
			sourceTree = "<group>";
		};
		3CAB28501B69AF4500F71902 /* LaunchScreen.xib */ = {
			isa = PBXVariantGroup;
			children = (
				3CAB28511B69AF4500F71902 /* Base */,
			);
			name = LaunchScreen.xib;
			sourceTree = "<group>";
		};
/* End PBXVariantGroup section */

/* Begin XCBuildConfiguration section */
		3CAB285F1B69AF4500F71902 /* Debug */ = {
			isa = XCBuildConfiguration;
			buildSettings = {
				ALWAYS_SEARCH_USER_PATHS = NO;
				CLANG_CXX_LANGUAGE_STANDARD = "gnu++0x";
				CLANG_CXX_LIBRARY = "libc++";
				CLANG_ENABLE_MODULES = YES;
				CLANG_ENABLE_OBJC_ARC = YES;
				CLANG_WARN_BOOL_CONVERSION = YES;
				CLANG_WARN_CONSTANT_CONVERSION = YES;
				CLANG_WARN_DIRECT_OBJC_ISA_USAGE = YES_ERROR;
				CLANG_WARN_EMPTY_BODY = YES;
				CLANG_WARN_ENUM_CONVERSION = YES;
				CLANG_WARN_INT_CONVERSION = YES;
				CLANG_WARN_OBJC_ROOT_CLASS = YES_ERROR;
				CLANG_WARN_UNREACHABLE_CODE = YES;
				CLANG_WARN__DUPLICATE_METHOD_MATCH = YES;
				"CODE_SIGN_IDENTITY[sdk=iphoneos*]" = "iPhone Developer";
				COPY_PHASE_STRIP = NO;
				DEBUG_INFORMATION_FORMAT = "dwarf-with-dsym";
				ENABLE_STRICT_OBJC_MSGSEND = YES;
				GCC_C_LANGUAGE_STANDARD = gnu99;
				GCC_DYNAMIC_NO_PIC = NO;
				GCC_NO_COMMON_BLOCKS = YES;
				GCC_OPTIMIZATION_LEVEL = 0;
				GCC_PREPROCESSOR_DEFINITIONS = (
					"DEBUG=1",
					"$(inherited)",
				);
				GCC_SYMBOLS_PRIVATE_EXTERN = NO;
				GCC_WARN_64_TO_32_BIT_CONVERSION = YES;
				GCC_WARN_ABOUT_RETURN_TYPE = YES_ERROR;
				GCC_WARN_UNDECLARED_SELECTOR = YES;
				GCC_WARN_UNINITIALIZED_AUTOS = YES_AGGRESSIVE;
				GCC_WARN_UNUSED_FUNCTION = YES;
				GCC_WARN_UNUSED_VARIABLE = YES;
				IPHONEOS_DEPLOYMENT_TARGET = 8.4;
				MTL_ENABLE_DEBUG_INFO = YES;
				ONLY_ACTIVE_ARCH = YES;
				SDKROOT = iphoneos;
				SWIFT_OPTIMIZATION_LEVEL = "-Onone";
			};
			name = Debug;
		};
		3CAB28601B69AF4500F71902 /* Release */ = {
			isa = XCBuildConfiguration;
			buildSettings = {
				ALWAYS_SEARCH_USER_PATHS = NO;
				CLANG_CXX_LANGUAGE_STANDARD = "gnu++0x";
				CLANG_CXX_LIBRARY = "libc++";
				CLANG_ENABLE_MODULES = YES;
				CLANG_ENABLE_OBJC_ARC = YES;
				CLANG_WARN_BOOL_CONVERSION = YES;
				CLANG_WARN_CONSTANT_CONVERSION = YES;
				CLANG_WARN_DIRECT_OBJC_ISA_USAGE = YES_ERROR;
				CLANG_WARN_EMPTY_BODY = YES;
				CLANG_WARN_ENUM_CONVERSION = YES;
				CLANG_WARN_INT_CONVERSION = YES;
				CLANG_WARN_OBJC_ROOT_CLASS = YES_ERROR;
				CLANG_WARN_UNREACHABLE_CODE = YES;
				CLANG_WARN__DUPLICATE_METHOD_MATCH = YES;
				"CODE_SIGN_IDENTITY[sdk=iphoneos*]" = "iPhone Developer";
				COPY_PHASE_STRIP = NO;
				DEBUG_INFORMATION_FORMAT = "dwarf-with-dsym";
				ENABLE_NS_ASSERTIONS = NO;
				ENABLE_STRICT_OBJC_MSGSEND = YES;
				GCC_C_LANGUAGE_STANDARD = gnu99;
				GCC_NO_COMMON_BLOCKS = YES;
				GCC_WARN_64_TO_32_BIT_CONVERSION = YES;
				GCC_WARN_ABOUT_RETURN_TYPE = YES_ERROR;
				GCC_WARN_UNDECLARED_SELECTOR = YES;
				GCC_WARN_UNINITIALIZED_AUTOS = YES_AGGRESSIVE;
				GCC_WARN_UNUSED_FUNCTION = YES;
				GCC_WARN_UNUSED_VARIABLE = YES;
				IPHONEOS_DEPLOYMENT_TARGET = 8.4;
				MTL_ENABLE_DEBUG_INFO = NO;
				SDKROOT = iphoneos;
				VALIDATE_PRODUCT = YES;
			};
			name = Release;
		};
		3CAB28621B69AF4500F71902 /* Debug */ = {
			isa = XCBuildConfiguration;
			baseConfigurationReference = AFA33A1F7C0FE521564E8FBF /* Pods-HW8.debug.xcconfig */;
			buildSettings = {
				ASSETCATALOG_COMPILER_APPICON_NAME = AppIcon;
				INFOPLIST_FILE = HW8/Info.plist;
				LD_RUNPATH_SEARCH_PATHS = "$(inherited) @executable_path/Frameworks";
				PRODUCT_NAME = "$(TARGET_NAME)";
			};
			name = Debug;
		};
		3CAB28631B69AF4500F71902 /* Release */ = {
			isa = XCBuildConfiguration;
			baseConfigurationReference = 133BA840748269E767BE5C4F /* Pods-HW8.release.xcconfig */;
			buildSettings = {
				ASSETCATALOG_COMPILER_APPICON_NAME = AppIcon;
				INFOPLIST_FILE = HW8/Info.plist;
				LD_RUNPATH_SEARCH_PATHS = "$(inherited) @executable_path/Frameworks";
				PRODUCT_NAME = "$(TARGET_NAME)";
			};
			name = Release;
		};
		3CAB28651B69AF4500F71902 /* Debug */ = {
			isa = XCBuildConfiguration;
			buildSettings = {
				BUNDLE_LOADER = "$(TEST_HOST)";
				FRAMEWORK_SEARCH_PATHS = (
					"$(SDKROOT)/Developer/Library/Frameworks",
					"$(inherited)",
				);
				GCC_PREPROCESSOR_DEFINITIONS = (
					"DEBUG=1",
					"$(inherited)",
				);
				INFOPLIST_FILE = HW8Tests/Info.plist;
				LD_RUNPATH_SEARCH_PATHS = "$(inherited) @executable_path/Frameworks @loader_path/Frameworks";
				PRODUCT_NAME = "$(TARGET_NAME)";
				TEST_HOST = "$(BUILT_PRODUCTS_DIR)/HW8.app/HW8";
			};
			name = Debug;
		};
		3CAB28661B69AF4500F71902 /* Release */ = {
			isa = XCBuildConfiguration;
			buildSettings = {
				BUNDLE_LOADER = "$(TEST_HOST)";
				FRAMEWORK_SEARCH_PATHS = (
					"$(SDKROOT)/Developer/Library/Frameworks",
					"$(inherited)",
				);
				INFOPLIST_FILE = HW8Tests/Info.plist;
				LD_RUNPATH_SEARCH_PATHS = "$(inherited) @executable_path/Frameworks @loader_path/Frameworks";
				PRODUCT_NAME = "$(TARGET_NAME)";
				TEST_HOST = "$(BUILT_PRODUCTS_DIR)/HW8.app/HW8";
			};
			name = Release;
		};
/* End XCBuildConfiguration section */

/* Begin XCConfigurationList section */
		3CAB283A1B69AF4500F71902 /* Build configuration list for PBXProject "HW8" */ = {
			isa = XCConfigurationList;
			buildConfigurations = (
				3CAB285F1B69AF4500F71902 /* Debug */,
				3CAB28601B69AF4500F71902 /* Release */,
			);
			defaultConfigurationIsVisible = 0;
			defaultConfigurationName = Release;
		};
		3CAB28611B69AF4500F71902 /* Build configuration list for PBXNativeTarget "HW8" */ = {
			isa = XCConfigurationList;
			buildConfigurations = (
				3CAB28621B69AF4500F71902 /* Debug */,
				3CAB28631B69AF4500F71902 /* Release */,
			);
			defaultConfigurationIsVisible = 0;
			defaultConfigurationName = Release;
		};
		3CAB28641B69AF4500F71902 /* Build configuration list for PBXNativeTarget "HW8Tests" */ = {
			isa = XCConfigurationList;
			buildConfigurations = (
				3CAB28651B69AF4500F71902 /* Debug */,
				3CAB28661B69AF4500F71902 /* Release */,
			);
			defaultConfigurationIsVisible = 0;
			defaultConfigurationName = Release;
		};
/* End XCConfigurationList section */

/* Begin XCVersionGroup section */
		3CAB28461B69AF4500F71902 /* HW8.xcdatamodeld */ = {
			isa = XCVersionGroup;
			children = (
				3CAB28471B69AF4500F71902 /* HW8.xcdatamodel */,
			);
			currentVersion = 3CAB28471B69AF4500F71902 /* HW8.xcdatamodel */;
			path = HW8.xcdatamodeld;
			sourceTree = "<group>";
			versionGroupType = wrapper.xcdatamodel;
		};
/* End XCVersionGroup section */
	};
	rootObject = 3CAB28371B69AF4500F71902 /* Project object */;
}
