// !$*UTF8*$!
{
	archiveVersion = 1;
	classes = {
	};
	objectVersion = 46;
	objects = {

/* Begin PBXBuildFile section */
		3CDEA81A1B547FAA00A80B67 /* AppDelegate.swift in Sources */ = {isa = PBXBuildFile; fileRef = 3CDEA8191B547FAA00A80B67 /* AppDelegate.swift */; };
		3CDEA81C1B547FAA00A80B67 /* ViewController.swift in Sources */ = {isa = PBXBuildFile; fileRef = 3CDEA81B1B547FAA00A80B67 /* ViewController.swift */; };
		3CDEA81F1B547FAA00A80B67 /* Main.storyboard in Resources */ = {isa = PBXBuildFile; fileRef = 3CDEA81D1B547FAA00A80B67 /* Main.storyboard */; };
		3CDEA8211B547FAA00A80B67 /* Images.xcassets in Resources */ = {isa = PBXBuildFile; fileRef = 3CDEA8201B547FAA00A80B67 /* Images.xcassets */; };
		3CDEA8241B547FAA00A80B67 /* LaunchScreen.xib in Resources */ = {isa = PBXBuildFile; fileRef = 3CDEA8221B547FAA00A80B67 /* LaunchScreen.xib */; };
		3CDEA8301B547FAA00A80B67 /* Lesson12CGExampleTests.swift in Sources */ = {isa = PBXBuildFile; fileRef = 3CDEA82F1B547FAA00A80B67 /* Lesson12CGExampleTests.swift */; };
/* End PBXBuildFile section */

/* Begin PBXContainerItemProxy section */
		3CDEA82A1B547FAA00A80B67 /* PBXContainerItemProxy */ = {
			isa = PBXContainerItemProxy;
			containerPortal = 3CDEA80C1B547FAA00A80B67 /* Project object */;
			proxyType = 1;
			remoteGlobalIDString = 3CDEA8131B547FAA00A80B67;
			remoteInfo = Lesson12CGExample;
		};
/* End PBXContainerItemProxy section */

/* Begin PBXFileReference section */
		3CDEA8141B547FAA00A80B67 /* Lesson12CGExample.app */ = {isa = PBXFileReference; explicitFileType = wrapper.application; includeInIndex = 0; path = Lesson12CGExample.app; sourceTree = BUILT_PRODUCTS_DIR; };
		3CDEA8181B547FAA00A80B67 /* Info.plist */ = {isa = PBXFileReference; lastKnownFileType = text.plist.xml; path = Info.plist; sourceTree = "<group>"; };
		3CDEA8191B547FAA00A80B67 /* AppDelegate.swift */ = {isa = PBXFileReference; lastKnownFileType = sourcecode.swift; path = AppDelegate.swift; sourceTree = "<group>"; };
		3CDEA81B1B547FAA00A80B67 /* ViewController.swift */ = {isa = PBXFileReference; lastKnownFileType = sourcecode.swift; path = ViewController.swift; sourceTree = "<group>"; };
		3CDEA81E1B547FAA00A80B67 /* Base */ = {isa = PBXFileReference; lastKnownFileType = file.storyboard; name = Base; path = Base.lproj/Main.storyboard; sourceTree = "<group>"; };
		3CDEA8201B547FAA00A80B67 /* Images.xcassets */ = {isa = PBXFileReference; lastKnownFileType = folder.assetcatalog; path = Images.xcassets; sourceTree = "<group>"; };
		3CDEA8231B547FAA00A80B67 /* Base */ = {isa = PBXFileReference; lastKnownFileType = file.xib; name = Base; path = Base.lproj/LaunchScreen.xib; sourceTree = "<group>"; };
		3CDEA8291B547FAA00A80B67 /* Lesson12CGExampleTests.xctest */ = {isa = PBXFileReference; explicitFileType = wrapper.cfbundle; includeInIndex = 0; path = Lesson12CGExampleTests.xctest; sourceTree = BUILT_PRODUCTS_DIR; };
		3CDEA82E1B547FAA00A80B67 /* Info.plist */ = {isa = PBXFileReference; lastKnownFileType = text.plist.xml; path = Info.plist; sourceTree = "<group>"; };
		3CDEA82F1B547FAA00A80B67 /* Lesson12CGExampleTests.swift */ = {isa = PBXFileReference; lastKnownFileType = sourcecode.swift; path = Lesson12CGExampleTests.swift; sourceTree = "<group>"; };
/* End PBXFileReference section */

/* Begin PBXFrameworksBuildPhase section */
		3CDEA8111B547FAA00A80B67 /* Frameworks */ = {
			isa = PBXFrameworksBuildPhase;
			buildActionMask = 2147483647;
			files = (
			);
			runOnlyForDeploymentPostprocessing = 0;
		};
		3CDEA8261B547FAA00A80B67 /* Frameworks */ = {
			isa = PBXFrameworksBuildPhase;
			buildActionMask = 2147483647;
			files = (
			);
			runOnlyForDeploymentPostprocessing = 0;
		};
/* End PBXFrameworksBuildPhase section */

/* Begin PBXGroup section */
		3CDEA80B1B547FAA00A80B67 = {
			isa = PBXGroup;
			children = (
				3CDEA8161B547FAA00A80B67 /* Lesson12CGExample */,
				3CDEA82C1B547FAA00A80B67 /* Lesson12CGExampleTests */,
				3CDEA8151B547FAA00A80B67 /* Products */,
			);
			sourceTree = "<group>";
		};
		3CDEA8151B547FAA00A80B67 /* Products */ = {
			isa = PBXGroup;
			children = (
				3CDEA8141B547FAA00A80B67 /* Lesson12CGExample.app */,
				3CDEA8291B547FAA00A80B67 /* Lesson12CGExampleTests.xctest */,
			);
			name = Products;
			sourceTree = "<group>";
		};
		3CDEA8161B547FAA00A80B67 /* Lesson12CGExample */ = {
			isa = PBXGroup;
			children = (
				3CDEA8191B547FAA00A80B67 /* AppDelegate.swift */,
				3CDEA81B1B547FAA00A80B67 /* ViewController.swift */,
				3CDEA81D1B547FAA00A80B67 /* Main.storyboard */,
				3CDEA8201B547FAA00A80B67 /* Images.xcassets */,
				3CDEA8221B547FAA00A80B67 /* LaunchScreen.xib */,
				3CDEA8171B547FAA00A80B67 /* Supporting Files */,
			);
			path = Lesson12CGExample;
			sourceTree = "<group>";
		};
		3CDEA8171B547FAA00A80B67 /* Supporting Files */ = {
			isa = PBXGroup;
			children = (
				3CDEA8181B547FAA00A80B67 /* Info.plist */,
			);
			name = "Supporting Files";
			sourceTree = "<group>";
		};
		3CDEA82C1B547FAA00A80B67 /* Lesson12CGExampleTests */ = {
			isa = PBXGroup;
			children = (
				3CDEA82F1B547FAA00A80B67 /* Lesson12CGExampleTests.swift */,
				3CDEA82D1B547FAA00A80B67 /* Supporting Files */,
			);
			path = Lesson12CGExampleTests;
			sourceTree = "<group>";
		};
		3CDEA82D1B547FAA00A80B67 /* Supporting Files */ = {
			isa = PBXGroup;
			children = (
				3CDEA82E1B547FAA00A80B67 /* Info.plist */,
			);
			name = "Supporting Files";
			sourceTree = "<group>";
		};
/* End PBXGroup section */

/* Begin PBXNativeTarget section */
		3CDEA8131B547FAA00A80B67 /* Lesson12CGExample */ = {
			isa = PBXNativeTarget;
			buildConfigurationList = 3CDEA8331B547FAA00A80B67 /* Build configuration list for PBXNativeTarget "Lesson12CGExample" */;
			buildPhases = (
				3CDEA8101B547FAA00A80B67 /* Sources */,
				3CDEA8111B547FAA00A80B67 /* Frameworks */,
				3CDEA8121B547FAA00A80B67 /* Resources */,
			);
			buildRules = (
			);
			dependencies = (
			);
			name = Lesson12CGExample;
			productName = Lesson12CGExample;
			productReference = 3CDEA8141B547FAA00A80B67 /* Lesson12CGExample.app */;
			productType = "com.apple.product-type.application";
		};
		3CDEA8281B547FAA00A80B67 /* Lesson12CGExampleTests */ = {
			isa = PBXNativeTarget;
			buildConfigurationList = 3CDEA8361B547FAA00A80B67 /* Build configuration list for PBXNativeTarget "Lesson12CGExampleTests" */;
			buildPhases = (
				3CDEA8251B547FAA00A80B67 /* Sources */,
				3CDEA8261B547FAA00A80B67 /* Frameworks */,
				3CDEA8271B547FAA00A80B67 /* Resources */,
			);
			buildRules = (
			);
			dependencies = (
				3CDEA82B1B547FAA00A80B67 /* PBXTargetDependency */,
			);
			name = Lesson12CGExampleTests;
			productName = Lesson12CGExampleTests;
			productReference = 3CDEA8291B547FAA00A80B67 /* Lesson12CGExampleTests.xctest */;
			productType = "com.apple.product-type.bundle.unit-test";
		};
/* End PBXNativeTarget section */

/* Begin PBXProject section */
		3CDEA80C1B547FAA00A80B67 /* Project object */ = {
			isa = PBXProject;
			attributes = {
				LastUpgradeCheck = 0640;
				ORGANIZATIONNAME = "Kris Kane";
				TargetAttributes = {
					3CDEA8131B547FAA00A80B67 = {
						CreatedOnToolsVersion = 6.4;
					};
					3CDEA8281B547FAA00A80B67 = {
						CreatedOnToolsVersion = 6.4;
						TestTargetID = 3CDEA8131B547FAA00A80B67;
					};
				};
			};
			buildConfigurationList = 3CDEA80F1B547FAA00A80B67 /* Build configuration list for PBXProject "Lesson12CGExample" */;
			compatibilityVersion = "Xcode 3.2";
			developmentRegion = English;
			hasScannedForEncodings = 0;
			knownRegions = (
				en,
				Base,
			);
			mainGroup = 3CDEA80B1B547FAA00A80B67;
			productRefGroup = 3CDEA8151B547FAA00A80B67 /* Products */;
			projectDirPath = "";
			projectRoot = "";
			targets = (
				3CDEA8131B547FAA00A80B67 /* Lesson12CGExample */,
				3CDEA8281B547FAA00A80B67 /* Lesson12CGExampleTests */,
			);
		};
/* End PBXProject section */

/* Begin PBXResourcesBuildPhase section */
		3CDEA8121B547FAA00A80B67 /* Resources */ = {
			isa = PBXResourcesBuildPhase;
			buildActionMask = 2147483647;
			files = (
				3CDEA81F1B547FAA00A80B67 /* Main.storyboard in Resources */,
				3CDEA8241B547FAA00A80B67 /* LaunchScreen.xib in Resources */,
				3CDEA8211B547FAA00A80B67 /* Images.xcassets in Resources */,
			);
			runOnlyForDeploymentPostprocessing = 0;
		};
		3CDEA8271B547FAA00A80B67 /* Resources */ = {
			isa = PBXResourcesBuildPhase;
			buildActionMask = 2147483647;
			files = (
			);
			runOnlyForDeploymentPostprocessing = 0;
		};
/* End PBXResourcesBuildPhase section */

/* Begin PBXSourcesBuildPhase section */
		3CDEA8101B547FAA00A80B67 /* Sources */ = {
			isa = PBXSourcesBuildPhase;
			buildActionMask = 2147483647;
			files = (
				3CDEA81C1B547FAA00A80B67 /* ViewController.swift in Sources */,
				3CDEA81A1B547FAA00A80B67 /* AppDelegate.swift in Sources */,
			);
			runOnlyForDeploymentPostprocessing = 0;
		};
		3CDEA8251B547FAA00A80B67 /* Sources */ = {
			isa = PBXSourcesBuildPhase;
			buildActionMask = 2147483647;
			files = (
				3CDEA8301B547FAA00A80B67 /* Lesson12CGExampleTests.swift in Sources */,
			);
			runOnlyForDeploymentPostprocessing = 0;
		};
/* End PBXSourcesBuildPhase section */

/* Begin PBXTargetDependency section */
		3CDEA82B1B547FAA00A80B67 /* PBXTargetDependency */ = {
			isa = PBXTargetDependency;
			target = 3CDEA8131B547FAA00A80B67 /* Lesson12CGExample */;
			targetProxy = 3CDEA82A1B547FAA00A80B67 /* PBXContainerItemProxy */;
		};
/* End PBXTargetDependency section */

/* Begin PBXVariantGroup section */
		3CDEA81D1B547FAA00A80B67 /* Main.storyboard */ = {
			isa = PBXVariantGroup;
			children = (
				3CDEA81E1B547FAA00A80B67 /* Base */,
			);
			name = Main.storyboard;
			sourceTree = "<group>";
		};
		3CDEA8221B547FAA00A80B67 /* LaunchScreen.xib */ = {
			isa = PBXVariantGroup;
			children = (
				3CDEA8231B547FAA00A80B67 /* Base */,
			);
			name = LaunchScreen.xib;
			sourceTree = "<group>";
		};
/* End PBXVariantGroup section */

/* Begin XCBuildConfiguration section */
		3CDEA8311B547FAA00A80B67 /* Debug */ = {
			isa = XCBuildConfiguration;
			buildSettings = {
				ALWAYS_SEARCH_USER_PATHS = NO;
				CLANG_CXX_LANGUAGE_STANDARD = "gnu++0x";
				CLANG_CXX_LIBRARY = "libc++";
				CLANG_ENABLE_MODULES = YES;
				CLANG_ENABLE_OBJC_ARC = YES;
				CLANG_WARN_BOOL_CONVERSION = YES;
				CLANG_WARN_CONSTANT_CONVERSION = YES;
				CLANG_WARN_DIRECT_OBJC_ISA_USAGE = YES_ERROR;
				CLANG_WARN_EMPTY_BODY = YES;
				CLANG_WARN_ENUM_CONVERSION = YES;
				CLANG_WARN_INT_CONVERSION = YES;
				CLANG_WARN_OBJC_ROOT_CLASS = YES_ERROR;
				CLANG_WARN_UNREACHABLE_CODE = YES;
				CLANG_WARN__DUPLICATE_METHOD_MATCH = YES;
				"CODE_SIGN_IDENTITY[sdk=iphoneos*]" = "iPhone Developer";
				COPY_PHASE_STRIP = NO;
				DEBUG_INFORMATION_FORMAT = "dwarf-with-dsym";
				ENABLE_STRICT_OBJC_MSGSEND = YES;
				GCC_C_LANGUAGE_STANDARD = gnu99;
				GCC_DYNAMIC_NO_PIC = NO;
				GCC_NO_COMMON_BLOCKS = YES;
				GCC_OPTIMIZATION_LEVEL = 0;
				GCC_PREPROCESSOR_DEFINITIONS = (
					"DEBUG=1",
					"$(inherited)",
				);
				GCC_SYMBOLS_PRIVATE_EXTERN = NO;
				GCC_WARN_64_TO_32_BIT_CONVERSION = YES;
				GCC_WARN_ABOUT_RETURN_TYPE = YES_ERROR;
				GCC_WARN_UNDECLARED_SELECTOR = YES;
				GCC_WARN_UNINITIALIZED_AUTOS = YES_AGGRESSIVE;
				GCC_WARN_UNUSED_FUNCTION = YES;
				GCC_WARN_UNUSED_VARIABLE = YES;
				IPHONEOS_DEPLOYMENT_TARGET = 8.4;
				MTL_ENABLE_DEBUG_INFO = YES;
				ONLY_ACTIVE_ARCH = YES;
				SDKROOT = iphoneos;
				SWIFT_OPTIMIZATION_LEVEL = "-Onone";
			};
			name = Debug;
		};
		3CDEA8321B547FAA00A80B67 /* Release */ = {
			isa = XCBuildConfiguration;
			buildSettings = {
				ALWAYS_SEARCH_USER_PATHS = NO;
				CLANG_CXX_LANGUAGE_STANDARD = "gnu++0x";
				CLANG_CXX_LIBRARY = "libc++";
				CLANG_ENABLE_MODULES = YES;
				CLANG_ENABLE_OBJC_ARC = YES;
				CLANG_WARN_BOOL_CONVERSION = YES;
				CLANG_WARN_CONSTANT_CONVERSION = YES;
				CLANG_WARN_DIRECT_OBJC_ISA_USAGE = YES_ERROR;
				CLANG_WARN_EMPTY_BODY = YES;
				CLANG_WARN_ENUM_CONVERSION = YES;
				CLANG_WARN_INT_CONVERSION = YES;
				CLANG_WARN_OBJC_ROOT_CLASS = YES_ERROR;
				CLANG_WARN_UNREACHABLE_CODE = YES;
				CLANG_WARN__DUPLICATE_METHOD_MATCH = YES;
				"CODE_SIGN_IDENTITY[sdk=iphoneos*]" = "iPhone Developer";
				COPY_PHASE_STRIP = NO;
				DEBUG_INFORMATION_FORMAT = "dwarf-with-dsym";
				ENABLE_NS_ASSERTIONS = NO;
				ENABLE_STRICT_OBJC_MSGSEND = YES;
				GCC_C_LANGUAGE_STANDARD = gnu99;
				GCC_NO_COMMON_BLOCKS = YES;
				GCC_WARN_64_TO_32_BIT_CONVERSION = YES;
				GCC_WARN_ABOUT_RETURN_TYPE = YES_ERROR;
				GCC_WARN_UNDECLARED_SELECTOR = YES;
				GCC_WARN_UNINITIALIZED_AUTOS = YES_AGGRESSIVE;
				GCC_WARN_UNUSED_FUNCTION = YES;
				GCC_WARN_UNUSED_VARIABLE = YES;
				IPHONEOS_DEPLOYMENT_TARGET = 8.4;
				MTL_ENABLE_DEBUG_INFO = NO;
				SDKROOT = iphoneos;
				VALIDATE_PRODUCT = YES;
			};
			name = Release;
		};
		3CDEA8341B547FAA00A80B67 /* Debug */ = {
			isa = XCBuildConfiguration;
			buildSettings = {
				ASSETCATALOG_COMPILER_APPICON_NAME = AppIcon;
				INFOPLIST_FILE = Lesson12CGExample/Info.plist;
				LD_RUNPATH_SEARCH_PATHS = "$(inherited) @executable_path/Frameworks";
				PRODUCT_NAME = "$(TARGET_NAME)";
			};
			name = Debug;
		};
		3CDEA8351B547FAA00A80B67 /* Release */ = {
			isa = XCBuildConfiguration;
			buildSettings = {
				ASSETCATALOG_COMPILER_APPICON_NAME = AppIcon;
				INFOPLIST_FILE = Lesson12CGExample/Info.plist;
				LD_RUNPATH_SEARCH_PATHS = "$(inherited) @executable_path/Frameworks";
				PRODUCT_NAME = "$(TARGET_NAME)";
			};
			name = Release;
		};
		3CDEA8371B547FAA00A80B67 /* Debug */ = {
			isa = XCBuildConfiguration;
			buildSettings = {
				BUNDLE_LOADER = "$(TEST_HOST)";
				FRAMEWORK_SEARCH_PATHS = (
					"$(SDKROOT)/Developer/Library/Frameworks",
					"$(inherited)",
				);
				GCC_PREPROCESSOR_DEFINITIONS = (
					"DEBUG=1",
					"$(inherited)",
				);
				INFOPLIST_FILE = Lesson12CGExampleTests/Info.plist;
				LD_RUNPATH_SEARCH_PATHS = "$(inherited) @executable_path/Frameworks @loader_path/Frameworks";
				PRODUCT_NAME = "$(TARGET_NAME)";
				TEST_HOST = "$(BUILT_PRODUCTS_DIR)/Lesson12CGExample.app/Lesson12CGExample";
			};
			name = Debug;
		};
		3CDEA8381B547FAA00A80B67 /* Release */ = {
			isa = XCBuildConfiguration;
			buildSettings = {
				BUNDLE_LOADER = "$(TEST_HOST)";
				FRAMEWORK_SEARCH_PATHS = (
					"$(SDKROOT)/Developer/Library/Frameworks",
					"$(inherited)",
				);
				INFOPLIST_FILE = Lesson12CGExampleTests/Info.plist;
				LD_RUNPATH_SEARCH_PATHS = "$(inherited) @executable_path/Frameworks @loader_path/Frameworks";
				PRODUCT_NAME = "$(TARGET_NAME)";
				TEST_HOST = "$(BUILT_PRODUCTS_DIR)/Lesson12CGExample.app/Lesson12CGExample";
			};
			name = Release;
		};
/* End XCBuildConfiguration section */

/* Begin XCConfigurationList section */
		3CDEA80F1B547FAA00A80B67 /* Build configuration list for PBXProject "Lesson12CGExample" */ = {
			isa = XCConfigurationList;
			buildConfigurations = (
				3CDEA8311B547FAA00A80B67 /* Debug */,
				3CDEA8321B547FAA00A80B67 /* Release */,
			);
			defaultConfigurationIsVisible = 0;
			defaultConfigurationName = Release;
		};
		3CDEA8331B547FAA00A80B67 /* Build configuration list for PBXNativeTarget "Lesson12CGExample" */ = {
			isa = XCConfigurationList;
			buildConfigurations = (
				3CDEA8341B547FAA00A80B67 /* Debug */,
				3CDEA8351B547FAA00A80B67 /* Release */,
			);
			defaultConfigurationIsVisible = 0;
		};
		3CDEA8361B547FAA00A80B67 /* Build configuration list for PBXNativeTarget "Lesson12CGExampleTests" */ = {
			isa = XCConfigurationList;
			buildConfigurations = (
				3CDEA8371B547FAA00A80B67 /* Debug */,
				3CDEA8381B547FAA00A80B67 /* Release */,
			);
			defaultConfigurationIsVisible = 0;
		};
/* End XCConfigurationList section */
	};
	rootObject = 3CDEA80C1B547FAA00A80B67 /* Project object */;
}
