// !$*UTF8*$!
{
	archiveVersion = 1;
	classes = {
	};
	objectVersion = 46;
	objects = {

/* Begin PBXBuildFile section */
		3C42B2871B44C56B0039B0CF /* AppDelegate.swift in Sources */ = {isa = PBXBuildFile; fileRef = 3C42B2861B44C56B0039B0CF /* AppDelegate.swift */; };
		3C42B2891B44C56B0039B0CF /* ViewController.swift in Sources */ = {isa = PBXBuildFile; fileRef = 3C42B2881B44C56B0039B0CF /* ViewController.swift */; };
		3C42B28C1B44C56B0039B0CF /* Main.storyboard in Resources */ = {isa = PBXBuildFile; fileRef = 3C42B28A1B44C56B0039B0CF /* Main.storyboard */; };
		3C42B28E1B44C56B0039B0CF /* Images.xcassets in Resources */ = {isa = PBXBuildFile; fileRef = 3C42B28D1B44C56B0039B0CF /* Images.xcassets */; };
		3C42B2911B44C56B0039B0CF /* LaunchScreen.xib in Resources */ = {isa = PBXBuildFile; fileRef = 3C42B28F1B44C56B0039B0CF /* LaunchScreen.xib */; };
		3C42B29D1B44C56B0039B0CF /* ProtocolsTests.swift in Sources */ = {isa = PBXBuildFile; fileRef = 3C42B29C1B44C56B0039B0CF /* ProtocolsTests.swift */; };
/* End PBXBuildFile section */

/* Begin PBXContainerItemProxy section */
		3C42B2971B44C56B0039B0CF /* PBXContainerItemProxy */ = {
			isa = PBXContainerItemProxy;
			containerPortal = 3C42B2791B44C56B0039B0CF /* Project object */;
			proxyType = 1;
			remoteGlobalIDString = 3C42B2801B44C56B0039B0CF;
			remoteInfo = Protocols;
		};
/* End PBXContainerItemProxy section */

/* Begin PBXFileReference section */
		3C42B2811B44C56B0039B0CF /* Protocols.app */ = {isa = PBXFileReference; explicitFileType = wrapper.application; includeInIndex = 0; path = Protocols.app; sourceTree = BUILT_PRODUCTS_DIR; };
		3C42B2851B44C56B0039B0CF /* Info.plist */ = {isa = PBXFileReference; lastKnownFileType = text.plist.xml; path = Info.plist; sourceTree = "<group>"; };
		3C42B2861B44C56B0039B0CF /* AppDelegate.swift */ = {isa = PBXFileReference; lastKnownFileType = sourcecode.swift; path = AppDelegate.swift; sourceTree = "<group>"; };
		3C42B2881B44C56B0039B0CF /* ViewController.swift */ = {isa = PBXFileReference; lastKnownFileType = sourcecode.swift; path = ViewController.swift; sourceTree = "<group>"; };
		3C42B28B1B44C56B0039B0CF /* Base */ = {isa = PBXFileReference; lastKnownFileType = file.storyboard; name = Base; path = Base.lproj/Main.storyboard; sourceTree = "<group>"; };
		3C42B28D1B44C56B0039B0CF /* Images.xcassets */ = {isa = PBXFileReference; lastKnownFileType = folder.assetcatalog; path = Images.xcassets; sourceTree = "<group>"; };
		3C42B2901B44C56B0039B0CF /* Base */ = {isa = PBXFileReference; lastKnownFileType = file.xib; name = Base; path = Base.lproj/LaunchScreen.xib; sourceTree = "<group>"; };
		3C42B2961B44C56B0039B0CF /* ProtocolsTests.xctest */ = {isa = PBXFileReference; explicitFileType = wrapper.cfbundle; includeInIndex = 0; path = ProtocolsTests.xctest; sourceTree = BUILT_PRODUCTS_DIR; };
		3C42B29B1B44C56B0039B0CF /* Info.plist */ = {isa = PBXFileReference; lastKnownFileType = text.plist.xml; path = Info.plist; sourceTree = "<group>"; };
		3C42B29C1B44C56B0039B0CF /* ProtocolsTests.swift */ = {isa = PBXFileReference; lastKnownFileType = sourcecode.swift; path = ProtocolsTests.swift; sourceTree = "<group>"; };
		3C42B2A61B44C58A0039B0CF /* ProtocolPlayground.playground */ = {isa = PBXFileReference; lastKnownFileType = file.playground; path = ProtocolPlayground.playground; sourceTree = "<group>"; };
/* End PBXFileReference section */

/* Begin PBXFrameworksBuildPhase section */
		3C42B27E1B44C56B0039B0CF /* Frameworks */ = {
			isa = PBXFrameworksBuildPhase;
			buildActionMask = 2147483647;
			files = (
			);
			runOnlyForDeploymentPostprocessing = 0;
		};
		3C42B2931B44C56B0039B0CF /* Frameworks */ = {
			isa = PBXFrameworksBuildPhase;
			buildActionMask = 2147483647;
			files = (
			);
			runOnlyForDeploymentPostprocessing = 0;
		};
/* End PBXFrameworksBuildPhase section */

/* Begin PBXGroup section */
		3C42B2781B44C56B0039B0CF = {
			isa = PBXGroup;
			children = (
				3C42B2A61B44C58A0039B0CF /* ProtocolPlayground.playground */,
				3C42B2831B44C56B0039B0CF /* Protocols */,
				3C42B2991B44C56B0039B0CF /* ProtocolsTests */,
				3C42B2821B44C56B0039B0CF /* Products */,
			);
			sourceTree = "<group>";
		};
		3C42B2821B44C56B0039B0CF /* Products */ = {
			isa = PBXGroup;
			children = (
				3C42B2811B44C56B0039B0CF /* Protocols.app */,
				3C42B2961B44C56B0039B0CF /* ProtocolsTests.xctest */,
			);
			name = Products;
			sourceTree = "<group>";
		};
		3C42B2831B44C56B0039B0CF /* Protocols */ = {
			isa = PBXGroup;
			children = (
				3C42B2861B44C56B0039B0CF /* AppDelegate.swift */,
				3C42B2881B44C56B0039B0CF /* ViewController.swift */,
				3C42B28A1B44C56B0039B0CF /* Main.storyboard */,
				3C42B28D1B44C56B0039B0CF /* Images.xcassets */,
				3C42B28F1B44C56B0039B0CF /* LaunchScreen.xib */,
				3C42B2841B44C56B0039B0CF /* Supporting Files */,
			);
			path = Protocols;
			sourceTree = "<group>";
		};
		3C42B2841B44C56B0039B0CF /* Supporting Files */ = {
			isa = PBXGroup;
			children = (
				3C42B2851B44C56B0039B0CF /* Info.plist */,
			);
			name = "Supporting Files";
			sourceTree = "<group>";
		};
		3C42B2991B44C56B0039B0CF /* ProtocolsTests */ = {
			isa = PBXGroup;
			children = (
				3C42B29C1B44C56B0039B0CF /* ProtocolsTests.swift */,
				3C42B29A1B44C56B0039B0CF /* Supporting Files */,
			);
			path = ProtocolsTests;
			sourceTree = "<group>";
		};
		3C42B29A1B44C56B0039B0CF /* Supporting Files */ = {
			isa = PBXGroup;
			children = (
				3C42B29B1B44C56B0039B0CF /* Info.plist */,
			);
			name = "Supporting Files";
			sourceTree = "<group>";
		};
/* End PBXGroup section */

/* Begin PBXNativeTarget section */
		3C42B2801B44C56B0039B0CF /* Protocols */ = {
			isa = PBXNativeTarget;
			buildConfigurationList = 3C42B2A01B44C56B0039B0CF /* Build configuration list for PBXNativeTarget "Protocols" */;
			buildPhases = (
				3C42B27D1B44C56B0039B0CF /* Sources */,
				3C42B27E1B44C56B0039B0CF /* Frameworks */,
				3C42B27F1B44C56B0039B0CF /* Resources */,
			);
			buildRules = (
			);
			dependencies = (
			);
			name = Protocols;
			productName = Protocols;
			productReference = 3C42B2811B44C56B0039B0CF /* Protocols.app */;
			productType = "com.apple.product-type.application";
		};
		3C42B2951B44C56B0039B0CF /* ProtocolsTests */ = {
			isa = PBXNativeTarget;
			buildConfigurationList = 3C42B2A31B44C56B0039B0CF /* Build configuration list for PBXNativeTarget "ProtocolsTests" */;
			buildPhases = (
				3C42B2921B44C56B0039B0CF /* Sources */,
				3C42B2931B44C56B0039B0CF /* Frameworks */,
				3C42B2941B44C56B0039B0CF /* Resources */,
			);
			buildRules = (
			);
			dependencies = (
				3C42B2981B44C56B0039B0CF /* PBXTargetDependency */,
			);
			name = ProtocolsTests;
			productName = ProtocolsTests;
			productReference = 3C42B2961B44C56B0039B0CF /* ProtocolsTests.xctest */;
			productType = "com.apple.product-type.bundle.unit-test";
		};
/* End PBXNativeTarget section */

/* Begin PBXProject section */
		3C42B2791B44C56B0039B0CF /* Project object */ = {
			isa = PBXProject;
			attributes = {
				LastUpgradeCheck = 0630;
				ORGANIZATIONNAME = "Kris Kane";
				TargetAttributes = {
					3C42B2801B44C56B0039B0CF = {
						CreatedOnToolsVersion = 6.3.2;
					};
					3C42B2951B44C56B0039B0CF = {
						CreatedOnToolsVersion = 6.3.2;
						TestTargetID = 3C42B2801B44C56B0039B0CF;
					};
				};
			};
			buildConfigurationList = 3C42B27C1B44C56B0039B0CF /* Build configuration list for PBXProject "Protocols" */;
			compatibilityVersion = "Xcode 3.2";
			developmentRegion = English;
			hasScannedForEncodings = 0;
			knownRegions = (
				en,
				Base,
			);
			mainGroup = 3C42B2781B44C56B0039B0CF;
			productRefGroup = 3C42B2821B44C56B0039B0CF /* Products */;
			projectDirPath = "";
			projectRoot = "";
			targets = (
				3C42B2801B44C56B0039B0CF /* Protocols */,
				3C42B2951B44C56B0039B0CF /* ProtocolsTests */,
			);
		};
/* End PBXProject section */

/* Begin PBXResourcesBuildPhase section */
		3C42B27F1B44C56B0039B0CF /* Resources */ = {
			isa = PBXResourcesBuildPhase;
			buildActionMask = 2147483647;
			files = (
				3C42B28C1B44C56B0039B0CF /* Main.storyboard in Resources */,
				3C42B2911B44C56B0039B0CF /* LaunchScreen.xib in Resources */,
				3C42B28E1B44C56B0039B0CF /* Images.xcassets in Resources */,
			);
			runOnlyForDeploymentPostprocessing = 0;
		};
		3C42B2941B44C56B0039B0CF /* Resources */ = {
			isa = PBXResourcesBuildPhase;
			buildActionMask = 2147483647;
			files = (
			);
			runOnlyForDeploymentPostprocessing = 0;
		};
/* End PBXResourcesBuildPhase section */

/* Begin PBXSourcesBuildPhase section */
		3C42B27D1B44C56B0039B0CF /* Sources */ = {
			isa = PBXSourcesBuildPhase;
			buildActionMask = 2147483647;
			files = (
				3C42B2891B44C56B0039B0CF /* ViewController.swift in Sources */,
				3C42B2871B44C56B0039B0CF /* AppDelegate.swift in Sources */,
			);
			runOnlyForDeploymentPostprocessing = 0;
		};
		3C42B2921B44C56B0039B0CF /* Sources */ = {
			isa = PBXSourcesBuildPhase;
			buildActionMask = 2147483647;
			files = (
				3C42B29D1B44C56B0039B0CF /* ProtocolsTests.swift in Sources */,
			);
			runOnlyForDeploymentPostprocessing = 0;
		};
/* End PBXSourcesBuildPhase section */

/* Begin PBXTargetDependency section */
		3C42B2981B44C56B0039B0CF /* PBXTargetDependency */ = {
			isa = PBXTargetDependency;
			target = 3C42B2801B44C56B0039B0CF /* Protocols */;
			targetProxy = 3C42B2971B44C56B0039B0CF /* PBXContainerItemProxy */;
		};
/* End PBXTargetDependency section */

/* Begin PBXVariantGroup section */
		3C42B28A1B44C56B0039B0CF /* Main.storyboard */ = {
			isa = PBXVariantGroup;
			children = (
				3C42B28B1B44C56B0039B0CF /* Base */,
			);
			name = Main.storyboard;
			sourceTree = "<group>";
		};
		3C42B28F1B44C56B0039B0CF /* LaunchScreen.xib */ = {
			isa = PBXVariantGroup;
			children = (
				3C42B2901B44C56B0039B0CF /* Base */,
			);
			name = LaunchScreen.xib;
			sourceTree = "<group>";
		};
/* End PBXVariantGroup section */

/* Begin XCBuildConfiguration section */
		3C42B29E1B44C56B0039B0CF /* Debug */ = {
			isa = XCBuildConfiguration;
			buildSettings = {
				ALWAYS_SEARCH_USER_PATHS = NO;
				CLANG_CXX_LANGUAGE_STANDARD = "gnu++0x";
				CLANG_CXX_LIBRARY = "libc++";
				CLANG_ENABLE_MODULES = YES;
				CLANG_ENABLE_OBJC_ARC = YES;
				CLANG_WARN_BOOL_CONVERSION = YES;
				CLANG_WARN_CONSTANT_CONVERSION = YES;
				CLANG_WARN_DIRECT_OBJC_ISA_USAGE = YES_ERROR;
				CLANG_WARN_EMPTY_BODY = YES;
				CLANG_WARN_ENUM_CONVERSION = YES;
				CLANG_WARN_INT_CONVERSION = YES;
				CLANG_WARN_OBJC_ROOT_CLASS = YES_ERROR;
				CLANG_WARN_UNREACHABLE_CODE = YES;
				CLANG_WARN__DUPLICATE_METHOD_MATCH = YES;
				"CODE_SIGN_IDENTITY[sdk=iphoneos*]" = "iPhone Developer";
				COPY_PHASE_STRIP = NO;
				DEBUG_INFORMATION_FORMAT = "dwarf-with-dsym";
				ENABLE_STRICT_OBJC_MSGSEND = YES;
				GCC_C_LANGUAGE_STANDARD = gnu99;
				GCC_DYNAMIC_NO_PIC = NO;
				GCC_NO_COMMON_BLOCKS = YES;
				GCC_OPTIMIZATION_LEVEL = 0;
				GCC_PREPROCESSOR_DEFINITIONS = (
					"DEBUG=1",
					"$(inherited)",
				);
				GCC_SYMBOLS_PRIVATE_EXTERN = NO;
				GCC_WARN_64_TO_32_BIT_CONVERSION = YES;
				GCC_WARN_ABOUT_RETURN_TYPE = YES_ERROR;
				GCC_WARN_UNDECLARED_SELECTOR = YES;
				GCC_WARN_UNINITIALIZED_AUTOS = YES_AGGRESSIVE;
				GCC_WARN_UNUSED_FUNCTION = YES;
				GCC_WARN_UNUSED_VARIABLE = YES;
				IPHONEOS_DEPLOYMENT_TARGET = 8.3;
				MTL_ENABLE_DEBUG_INFO = YES;
				ONLY_ACTIVE_ARCH = YES;
				SDKROOT = iphoneos;
				SWIFT_OPTIMIZATION_LEVEL = "-Onone";
			};
			name = Debug;
		};
		3C42B29F1B44C56B0039B0CF /* Release */ = {
			isa = XCBuildConfiguration;
			buildSettings = {
				ALWAYS_SEARCH_USER_PATHS = NO;
				CLANG_CXX_LANGUAGE_STANDARD = "gnu++0x";
				CLANG_CXX_LIBRARY = "libc++";
				CLANG_ENABLE_MODULES = YES;
				CLANG_ENABLE_OBJC_ARC = YES;
				CLANG_WARN_BOOL_CONVERSION = YES;
				CLANG_WARN_CONSTANT_CONVERSION = YES;
				CLANG_WARN_DIRECT_OBJC_ISA_USAGE = YES_ERROR;
				CLANG_WARN_EMPTY_BODY = YES;
				CLANG_WARN_ENUM_CONVERSION = YES;
				CLANG_WARN_INT_CONVERSION = YES;
				CLANG_WARN_OBJC_ROOT_CLASS = YES_ERROR;
				CLANG_WARN_UNREACHABLE_CODE = YES;
				CLANG_WARN__DUPLICATE_METHOD_MATCH = YES;
				"CODE_SIGN_IDENTITY[sdk=iphoneos*]" = "iPhone Developer";
				COPY_PHASE_STRIP = NO;
				DEBUG_INFORMATION_FORMAT = "dwarf-with-dsym";
				ENABLE_NS_ASSERTIONS = NO;
				ENABLE_STRICT_OBJC_MSGSEND = YES;
				GCC_C_LANGUAGE_STANDARD = gnu99;
				GCC_NO_COMMON_BLOCKS = YES;
				GCC_WARN_64_TO_32_BIT_CONVERSION = YES;
				GCC_WARN_ABOUT_RETURN_TYPE = YES_ERROR;
				GCC_WARN_UNDECLARED_SELECTOR = YES;
				GCC_WARN_UNINITIALIZED_AUTOS = YES_AGGRESSIVE;
				GCC_WARN_UNUSED_FUNCTION = YES;
				GCC_WARN_UNUSED_VARIABLE = YES;
				IPHONEOS_DEPLOYMENT_TARGET = 8.3;
				MTL_ENABLE_DEBUG_INFO = NO;
				SDKROOT = iphoneos;
				VALIDATE_PRODUCT = YES;
			};
			name = Release;
		};
		3C42B2A11B44C56B0039B0CF /* Debug */ = {
			isa = XCBuildConfiguration;
			buildSettings = {
				ASSETCATALOG_COMPILER_APPICON_NAME = AppIcon;
				INFOPLIST_FILE = Protocols/Info.plist;
				LD_RUNPATH_SEARCH_PATHS = "$(inherited) @executable_path/Frameworks";
				PRODUCT_NAME = "$(TARGET_NAME)";
			};
			name = Debug;
		};
		3C42B2A21B44C56B0039B0CF /* Release */ = {
			isa = XCBuildConfiguration;
			buildSettings = {
				ASSETCATALOG_COMPILER_APPICON_NAME = AppIcon;
				INFOPLIST_FILE = Protocols/Info.plist;
				LD_RUNPATH_SEARCH_PATHS = "$(inherited) @executable_path/Frameworks";
				PRODUCT_NAME = "$(TARGET_NAME)";
			};
			name = Release;
		};
		3C42B2A41B44C56B0039B0CF /* Debug */ = {
			isa = XCBuildConfiguration;
			buildSettings = {
				BUNDLE_LOADER = "$(TEST_HOST)";
				FRAMEWORK_SEARCH_PATHS = (
					"$(SDKROOT)/Developer/Library/Frameworks",
					"$(inherited)",
				);
				GCC_PREPROCESSOR_DEFINITIONS = (
					"DEBUG=1",
					"$(inherited)",
				);
				INFOPLIST_FILE = ProtocolsTests/Info.plist;
				LD_RUNPATH_SEARCH_PATHS = "$(inherited) @executable_path/Frameworks @loader_path/Frameworks";
				PRODUCT_NAME = "$(TARGET_NAME)";
				TEST_HOST = "$(BUILT_PRODUCTS_DIR)/Protocols.app/Protocols";
			};
			name = Debug;
		};
		3C42B2A51B44C56B0039B0CF /* Release */ = {
			isa = XCBuildConfiguration;
			buildSettings = {
				BUNDLE_LOADER = "$(TEST_HOST)";
				FRAMEWORK_SEARCH_PATHS = (
					"$(SDKROOT)/Developer/Library/Frameworks",
					"$(inherited)",
				);
				INFOPLIST_FILE = ProtocolsTests/Info.plist;
				LD_RUNPATH_SEARCH_PATHS = "$(inherited) @executable_path/Frameworks @loader_path/Frameworks";
				PRODUCT_NAME = "$(TARGET_NAME)";
				TEST_HOST = "$(BUILT_PRODUCTS_DIR)/Protocols.app/Protocols";
			};
			name = Release;
		};
/* End XCBuildConfiguration section */

/* Begin XCConfigurationList section */
		3C42B27C1B44C56B0039B0CF /* Build configuration list for PBXProject "Protocols" */ = {
			isa = XCConfigurationList;
			buildConfigurations = (
				3C42B29E1B44C56B0039B0CF /* Debug */,
				3C42B29F1B44C56B0039B0CF /* Release */,
			);
			defaultConfigurationIsVisible = 0;
			defaultConfigurationName = Release;
		};
		3C42B2A01B44C56B0039B0CF /* Build configuration list for PBXNativeTarget "Protocols" */ = {
			isa = XCConfigurationList;
			buildConfigurations = (
				3C42B2A11B44C56B0039B0CF /* Debug */,
				3C42B2A21B44C56B0039B0CF /* Release */,
			);
			defaultConfigurationIsVisible = 0;
			defaultConfigurationName = Release;
		};
		3C42B2A31B44C56B0039B0CF /* Build configuration list for PBXNativeTarget "ProtocolsTests" */ = {
			isa = XCConfigurationList;
			buildConfigurations = (
				3C42B2A41B44C56B0039B0CF /* Debug */,
				3C42B2A51B44C56B0039B0CF /* Release */,
			);
			defaultConfigurationIsVisible = 0;
			defaultConfigurationName = Release;
		};
/* End XCConfigurationList section */
	};
	rootObject = 3C42B2791B44C56B0039B0CF /* Project object */;
}
