// !$*UTF8*$!
{
	archiveVersion = 1;
	classes = {
	};
	objectVersion = 46;
	objects = {

/* Begin PBXBuildFile section */
		3CCE48121B1FD92000DEAC65 /* AppDelegate.swift in Sources */ = {isa = PBXBuildFile; fileRef = 3CCE48111B1FD92000DEAC65 /* AppDelegate.swift */; };
		3CCE48141B1FD92000DEAC65 /* ViewController.swift in Sources */ = {isa = PBXBuildFile; fileRef = 3CCE48131B1FD92000DEAC65 /* ViewController.swift */; };
		3CCE48171B1FD92000DEAC65 /* Main.storyboard in Resources */ = {isa = PBXBuildFile; fileRef = 3CCE48151B1FD92000DEAC65 /* Main.storyboard */; };
		3CCE48191B1FD92000DEAC65 /* Images.xcassets in Resources */ = {isa = PBXBuildFile; fileRef = 3CCE48181B1FD92000DEAC65 /* Images.xcassets */; };
		3CCE481C1B1FD92000DEAC65 /* LaunchScreen.xib in Resources */ = {isa = PBXBuildFile; fileRef = 3CCE481A1B1FD92000DEAC65 /* LaunchScreen.xib */; };
		3CCE48281B1FD92000DEAC65 /* Lesson1Tests.swift in Sources */ = {isa = PBXBuildFile; fileRef = 3CCE48271B1FD92000DEAC65 /* Lesson1Tests.swift */; };
/* End PBXBuildFile section */

/* Begin PBXContainerItemProxy section */
		3CCE48221B1FD92000DEAC65 /* PBXContainerItemProxy */ = {
			isa = PBXContainerItemProxy;
			containerPortal = 3CCE48041B1FD92000DEAC65 /* Project object */;
			proxyType = 1;
			remoteGlobalIDString = 3CCE480B1B1FD92000DEAC65;
			remoteInfo = Lesson1;
		};
/* End PBXContainerItemProxy section */

/* Begin PBXFileReference section */
		3CCE480C1B1FD92000DEAC65 /* Lesson1.app */ = {isa = PBXFileReference; explicitFileType = wrapper.application; includeInIndex = 0; path = Lesson1.app; sourceTree = BUILT_PRODUCTS_DIR; };
		3CCE48101B1FD92000DEAC65 /* Info.plist */ = {isa = PBXFileReference; lastKnownFileType = text.plist.xml; path = Info.plist; sourceTree = "<group>"; };
		3CCE48111B1FD92000DEAC65 /* AppDelegate.swift */ = {isa = PBXFileReference; lastKnownFileType = sourcecode.swift; path = AppDelegate.swift; sourceTree = "<group>"; };
		3CCE48131B1FD92000DEAC65 /* ViewController.swift */ = {isa = PBXFileReference; lastKnownFileType = sourcecode.swift; path = ViewController.swift; sourceTree = "<group>"; };
		3CCE48161B1FD92000DEAC65 /* Base */ = {isa = PBXFileReference; lastKnownFileType = file.storyboard; name = Base; path = Base.lproj/Main.storyboard; sourceTree = "<group>"; };
		3CCE48181B1FD92000DEAC65 /* Images.xcassets */ = {isa = PBXFileReference; lastKnownFileType = folder.assetcatalog; path = Images.xcassets; sourceTree = "<group>"; };
		3CCE481B1B1FD92000DEAC65 /* Base */ = {isa = PBXFileReference; lastKnownFileType = file.xib; name = Base; path = Base.lproj/LaunchScreen.xib; sourceTree = "<group>"; };
		3CCE48211B1FD92000DEAC65 /* Lesson1Tests.xctest */ = {isa = PBXFileReference; explicitFileType = wrapper.cfbundle; includeInIndex = 0; path = Lesson1Tests.xctest; sourceTree = BUILT_PRODUCTS_DIR; };
		3CCE48261B1FD92000DEAC65 /* Info.plist */ = {isa = PBXFileReference; lastKnownFileType = text.plist.xml; path = Info.plist; sourceTree = "<group>"; };
		3CCE48271B1FD92000DEAC65 /* Lesson1Tests.swift */ = {isa = PBXFileReference; lastKnownFileType = sourcecode.swift; path = Lesson1Tests.swift; sourceTree = "<group>"; };
/* End PBXFileReference section */

/* Begin PBXFrameworksBuildPhase section */
		3CCE48091B1FD92000DEAC65 /* Frameworks */ = {
			isa = PBXFrameworksBuildPhase;
			buildActionMask = 2147483647;
			files = (
			);
			runOnlyForDeploymentPostprocessing = 0;
		};
		3CCE481E1B1FD92000DEAC65 /* Frameworks */ = {
			isa = PBXFrameworksBuildPhase;
			buildActionMask = 2147483647;
			files = (
			);
			runOnlyForDeploymentPostprocessing = 0;
		};
/* End PBXFrameworksBuildPhase section */

/* Begin PBXGroup section */
		3CCE48031B1FD92000DEAC65 = {
			isa = PBXGroup;
			children = (
				3CCE480E1B1FD92000DEAC65 /* Lesson1 */,
				3CCE48241B1FD92000DEAC65 /* Lesson1Tests */,
				3CCE480D1B1FD92000DEAC65 /* Products */,
			);
			sourceTree = "<group>";
		};
		3CCE480D1B1FD92000DEAC65 /* Products */ = {
			isa = PBXGroup;
			children = (
				3CCE480C1B1FD92000DEAC65 /* Lesson1.app */,
				3CCE48211B1FD92000DEAC65 /* Lesson1Tests.xctest */,
			);
			name = Products;
			sourceTree = "<group>";
		};
		3CCE480E1B1FD92000DEAC65 /* Lesson1 */ = {
			isa = PBXGroup;
			children = (
				3CCE48111B1FD92000DEAC65 /* AppDelegate.swift */,
				3CCE48131B1FD92000DEAC65 /* ViewController.swift */,
				3CCE48151B1FD92000DEAC65 /* Main.storyboard */,
				3CCE48181B1FD92000DEAC65 /* Images.xcassets */,
				3CCE481A1B1FD92000DEAC65 /* LaunchScreen.xib */,
				3CCE480F1B1FD92000DEAC65 /* Supporting Files */,
			);
			path = Lesson1;
			sourceTree = "<group>";
		};
		3CCE480F1B1FD92000DEAC65 /* Supporting Files */ = {
			isa = PBXGroup;
			children = (
				3CCE48101B1FD92000DEAC65 /* Info.plist */,
			);
			name = "Supporting Files";
			sourceTree = "<group>";
		};
		3CCE48241B1FD92000DEAC65 /* Lesson1Tests */ = {
			isa = PBXGroup;
			children = (
				3CCE48271B1FD92000DEAC65 /* Lesson1Tests.swift */,
				3CCE48251B1FD92000DEAC65 /* Supporting Files */,
			);
			path = Lesson1Tests;
			sourceTree = "<group>";
		};
		3CCE48251B1FD92000DEAC65 /* Supporting Files */ = {
			isa = PBXGroup;
			children = (
				3CCE48261B1FD92000DEAC65 /* Info.plist */,
			);
			name = "Supporting Files";
			sourceTree = "<group>";
		};
/* End PBXGroup section */

/* Begin PBXNativeTarget section */
		3CCE480B1B1FD92000DEAC65 /* Lesson1 */ = {
			isa = PBXNativeTarget;
			buildConfigurationList = 3CCE482B1B1FD92000DEAC65 /* Build configuration list for PBXNativeTarget "Lesson1" */;
			buildPhases = (
				3CCE48081B1FD92000DEAC65 /* Sources */,
				3CCE48091B1FD92000DEAC65 /* Frameworks */,
				3CCE480A1B1FD92000DEAC65 /* Resources */,
			);
			buildRules = (
			);
			dependencies = (
			);
			name = Lesson1;
			productName = Lesson1;
			productReference = 3CCE480C1B1FD92000DEAC65 /* Lesson1.app */;
			productType = "com.apple.product-type.application";
		};
		3CCE48201B1FD92000DEAC65 /* Lesson1Tests */ = {
			isa = PBXNativeTarget;
			buildConfigurationList = 3CCE482E1B1FD92000DEAC65 /* Build configuration list for PBXNativeTarget "Lesson1Tests" */;
			buildPhases = (
				3CCE481D1B1FD92000DEAC65 /* Sources */,
				3CCE481E1B1FD92000DEAC65 /* Frameworks */,
				3CCE481F1B1FD92000DEAC65 /* Resources */,
			);
			buildRules = (
			);
			dependencies = (
				3CCE48231B1FD92000DEAC65 /* PBXTargetDependency */,
			);
			name = Lesson1Tests;
			productName = Lesson1Tests;
			productReference = 3CCE48211B1FD92000DEAC65 /* Lesson1Tests.xctest */;
			productType = "com.apple.product-type.bundle.unit-test";
		};
/* End PBXNativeTarget section */

/* Begin PBXProject section */
		3CCE48041B1FD92000DEAC65 /* Project object */ = {
			isa = PBXProject;
			attributes = {
				LastUpgradeCheck = 0620;
				ORGANIZATIONNAME = "Kris Kane";
				TargetAttributes = {
					3CCE480B1B1FD92000DEAC65 = {
						CreatedOnToolsVersion = 6.2;
					};
					3CCE48201B1FD92000DEAC65 = {
						CreatedOnToolsVersion = 6.2;
						TestTargetID = 3CCE480B1B1FD92000DEAC65;
					};
				};
			};
			buildConfigurationList = 3CCE48071B1FD92000DEAC65 /* Build configuration list for PBXProject "Lesson1" */;
			compatibilityVersion = "Xcode 3.2";
			developmentRegion = English;
			hasScannedForEncodings = 0;
			knownRegions = (
				en,
				Base,
			);
			mainGroup = 3CCE48031B1FD92000DEAC65;
			productRefGroup = 3CCE480D1B1FD92000DEAC65 /* Products */;
			projectDirPath = "";
			projectRoot = "";
			targets = (
				3CCE480B1B1FD92000DEAC65 /* Lesson1 */,
				3CCE48201B1FD92000DEAC65 /* Lesson1Tests */,
			);
		};
/* End PBXProject section */

/* Begin PBXResourcesBuildPhase section */
		3CCE480A1B1FD92000DEAC65 /* Resources */ = {
			isa = PBXResourcesBuildPhase;
			buildActionMask = 2147483647;
			files = (
				3CCE48171B1FD92000DEAC65 /* Main.storyboard in Resources */,
				3CCE481C1B1FD92000DEAC65 /* LaunchScreen.xib in Resources */,
				3CCE48191B1FD92000DEAC65 /* Images.xcassets in Resources */,
			);
			runOnlyForDeploymentPostprocessing = 0;
		};
		3CCE481F1B1FD92000DEAC65 /* Resources */ = {
			isa = PBXResourcesBuildPhase;
			buildActionMask = 2147483647;
			files = (
			);
			runOnlyForDeploymentPostprocessing = 0;
		};
/* End PBXResourcesBuildPhase section */

/* Begin PBXSourcesBuildPhase section */
		3CCE48081B1FD92000DEAC65 /* Sources */ = {
			isa = PBXSourcesBuildPhase;
			buildActionMask = 2147483647;
			files = (
				3CCE48141B1FD92000DEAC65 /* ViewController.swift in Sources */,
				3CCE48121B1FD92000DEAC65 /* AppDelegate.swift in Sources */,
			);
			runOnlyForDeploymentPostprocessing = 0;
		};
		3CCE481D1B1FD92000DEAC65 /* Sources */ = {
			isa = PBXSourcesBuildPhase;
			buildActionMask = 2147483647;
			files = (
				3CCE48281B1FD92000DEAC65 /* Lesson1Tests.swift in Sources */,
			);
			runOnlyForDeploymentPostprocessing = 0;
		};
/* End PBXSourcesBuildPhase section */

/* Begin PBXTargetDependency section */
		3CCE48231B1FD92000DEAC65 /* PBXTargetDependency */ = {
			isa = PBXTargetDependency;
			target = 3CCE480B1B1FD92000DEAC65 /* Lesson1 */;
			targetProxy = 3CCE48221B1FD92000DEAC65 /* PBXContainerItemProxy */;
		};
/* End PBXTargetDependency section */

/* Begin PBXVariantGroup section */
		3CCE48151B1FD92000DEAC65 /* Main.storyboard */ = {
			isa = PBXVariantGroup;
			children = (
				3CCE48161B1FD92000DEAC65 /* Base */,
			);
			name = Main.storyboard;
			sourceTree = "<group>";
		};
		3CCE481A1B1FD92000DEAC65 /* LaunchScreen.xib */ = {
			isa = PBXVariantGroup;
			children = (
				3CCE481B1B1FD92000DEAC65 /* Base */,
			);
			name = LaunchScreen.xib;
			sourceTree = "<group>";
		};
/* End PBXVariantGroup section */

/* Begin XCBuildConfiguration section */
		3CCE48291B1FD92000DEAC65 /* Debug */ = {
			isa = XCBuildConfiguration;
			buildSettings = {
				ALWAYS_SEARCH_USER_PATHS = NO;
				CLANG_CXX_LANGUAGE_STANDARD = "gnu++0x";
				CLANG_CXX_LIBRARY = "libc++";
				CLANG_ENABLE_MODULES = YES;
				CLANG_ENABLE_OBJC_ARC = YES;
				CLANG_WARN_BOOL_CONVERSION = YES;
				CLANG_WARN_CONSTANT_CONVERSION = YES;
				CLANG_WARN_DIRECT_OBJC_ISA_USAGE = YES_ERROR;
				CLANG_WARN_EMPTY_BODY = YES;
				CLANG_WARN_ENUM_CONVERSION = YES;
				CLANG_WARN_INT_CONVERSION = YES;
				CLANG_WARN_OBJC_ROOT_CLASS = YES_ERROR;
				CLANG_WARN_UNREACHABLE_CODE = YES;
				CLANG_WARN__DUPLICATE_METHOD_MATCH = YES;
				"CODE_SIGN_IDENTITY[sdk=iphoneos*]" = "iPhone Developer";
				COPY_PHASE_STRIP = NO;
				ENABLE_STRICT_OBJC_MSGSEND = YES;
				GCC_C_LANGUAGE_STANDARD = gnu99;
				GCC_DYNAMIC_NO_PIC = NO;
				GCC_OPTIMIZATION_LEVEL = 0;
				GCC_PREPROCESSOR_DEFINITIONS = (
					"DEBUG=1",
					"$(inherited)",
				);
				GCC_SYMBOLS_PRIVATE_EXTERN = NO;
				GCC_WARN_64_TO_32_BIT_CONVERSION = YES;
				GCC_WARN_ABOUT_RETURN_TYPE = YES_ERROR;
				GCC_WARN_UNDECLARED_SELECTOR = YES;
				GCC_WARN_UNINITIALIZED_AUTOS = YES_AGGRESSIVE;
				GCC_WARN_UNUSED_FUNCTION = YES;
				GCC_WARN_UNUSED_VARIABLE = YES;
				IPHONEOS_DEPLOYMENT_TARGET = 8.2;
				MTL_ENABLE_DEBUG_INFO = YES;
				ONLY_ACTIVE_ARCH = YES;
				SDKROOT = iphoneos;
				SWIFT_OPTIMIZATION_LEVEL = "-Onone";
			};
			name = Debug;
		};
		3CCE482A1B1FD92000DEAC65 /* Release */ = {
			isa = XCBuildConfiguration;
			buildSettings = {
				ALWAYS_SEARCH_USER_PATHS = NO;
				CLANG_CXX_LANGUAGE_STANDARD = "gnu++0x";
				CLANG_CXX_LIBRARY = "libc++";
				CLANG_ENABLE_MODULES = YES;
				CLANG_ENABLE_OBJC_ARC = YES;
				CLANG_WARN_BOOL_CONVERSION = YES;
				CLANG_WARN_CONSTANT_CONVERSION = YES;
				CLANG_WARN_DIRECT_OBJC_ISA_USAGE = YES_ERROR;
				CLANG_WARN_EMPTY_BODY = YES;
				CLANG_WARN_ENUM_CONVERSION = YES;
				CLANG_WARN_INT_CONVERSION = YES;
				CLANG_WARN_OBJC_ROOT_CLASS = YES_ERROR;
				CLANG_WARN_UNREACHABLE_CODE = YES;
				CLANG_WARN__DUPLICATE_METHOD_MATCH = YES;
				"CODE_SIGN_IDENTITY[sdk=iphoneos*]" = "iPhone Developer";
				COPY_PHASE_STRIP = NO;
				ENABLE_NS_ASSERTIONS = NO;
				ENABLE_STRICT_OBJC_MSGSEND = YES;
				GCC_C_LANGUAGE_STANDARD = gnu99;
				GCC_WARN_64_TO_32_BIT_CONVERSION = YES;
				GCC_WARN_ABOUT_RETURN_TYPE = YES_ERROR;
				GCC_WARN_UNDECLARED_SELECTOR = YES;
				GCC_WARN_UNINITIALIZED_AUTOS = YES_AGGRESSIVE;
				GCC_WARN_UNUSED_FUNCTION = YES;
				GCC_WARN_UNUSED_VARIABLE = YES;
				IPHONEOS_DEPLOYMENT_TARGET = 8.2;
				MTL_ENABLE_DEBUG_INFO = NO;
				SDKROOT = iphoneos;
				VALIDATE_PRODUCT = YES;
			};
			name = Release;
		};
		3CCE482C1B1FD92000DEAC65 /* Debug */ = {
			isa = XCBuildConfiguration;
			buildSettings = {
				ASSETCATALOG_COMPILER_APPICON_NAME = AppIcon;
				INFOPLIST_FILE = Lesson1/Info.plist;
				LD_RUNPATH_SEARCH_PATHS = "$(inherited) @executable_path/Frameworks";
				PRODUCT_NAME = "$(TARGET_NAME)";
			};
			name = Debug;
		};
		3CCE482D1B1FD92000DEAC65 /* Release */ = {
			isa = XCBuildConfiguration;
			buildSettings = {
				ASSETCATALOG_COMPILER_APPICON_NAME = AppIcon;
				INFOPLIST_FILE = Lesson1/Info.plist;
				LD_RUNPATH_SEARCH_PATHS = "$(inherited) @executable_path/Frameworks";
				PRODUCT_NAME = "$(TARGET_NAME)";
			};
			name = Release;
		};
		3CCE482F1B1FD92000DEAC65 /* Debug */ = {
			isa = XCBuildConfiguration;
			buildSettings = {
				BUNDLE_LOADER = "$(TEST_HOST)";
				FRAMEWORK_SEARCH_PATHS = (
					"$(SDKROOT)/Developer/Library/Frameworks",
					"$(inherited)",
				);
				GCC_PREPROCESSOR_DEFINITIONS = (
					"DEBUG=1",
					"$(inherited)",
				);
				INFOPLIST_FILE = Lesson1Tests/Info.plist;
				LD_RUNPATH_SEARCH_PATHS = "$(inherited) @executable_path/Frameworks @loader_path/Frameworks";
				PRODUCT_NAME = "$(TARGET_NAME)";
				TEST_HOST = "$(BUILT_PRODUCTS_DIR)/Lesson1.app/Lesson1";
			};
			name = Debug;
		};
		3CCE48301B1FD92000DEAC65 /* Release */ = {
			isa = XCBuildConfiguration;
			buildSettings = {
				BUNDLE_LOADER = "$(TEST_HOST)";
				FRAMEWORK_SEARCH_PATHS = (
					"$(SDKROOT)/Developer/Library/Frameworks",
					"$(inherited)",
				);
				INFOPLIST_FILE = Lesson1Tests/Info.plist;
				LD_RUNPATH_SEARCH_PATHS = "$(inherited) @executable_path/Frameworks @loader_path/Frameworks";
				PRODUCT_NAME = "$(TARGET_NAME)";
				TEST_HOST = "$(BUILT_PRODUCTS_DIR)/Lesson1.app/Lesson1";
			};
			name = Release;
		};
/* End XCBuildConfiguration section */

/* Begin XCConfigurationList section */
		3CCE48071B1FD92000DEAC65 /* Build configuration list for PBXProject "Lesson1" */ = {
			isa = XCConfigurationList;
			buildConfigurations = (
				3CCE48291B1FD92000DEAC65 /* Debug */,
				3CCE482A1B1FD92000DEAC65 /* Release */,
			);
			defaultConfigurationIsVisible = 0;
			defaultConfigurationName = Release;
		};
		3CCE482B1B1FD92000DEAC65 /* Build configuration list for PBXNativeTarget "Lesson1" */ = {
			isa = XCConfigurationList;
			buildConfigurations = (
				3CCE482C1B1FD92000DEAC65 /* Debug */,
				3CCE482D1B1FD92000DEAC65 /* Release */,
			);
			defaultConfigurationIsVisible = 0;
		};
		3CCE482E1B1FD92000DEAC65 /* Build configuration list for PBXNativeTarget "Lesson1Tests" */ = {
			isa = XCConfigurationList;
			buildConfigurations = (
				3CCE482F1B1FD92000DEAC65 /* Debug */,
				3CCE48301B1FD92000DEAC65 /* Release */,
			);
			defaultConfigurationIsVisible = 0;
		};
/* End XCConfigurationList section */
	};
	rootObject = 3CCE48041B1FD92000DEAC65 /* Project object */;
}
